// !$*UTF8*$!
{
	archiveVersion = 1;
	classes = {
	};
	objectVersion = 46;
	objects = {

/* Begin PBXBuildFile section */
		D90866F01B91292F002A6F87 /* TrolleyAnnotationView.swift in Sources */ = {isa = PBXBuildFile; fileRef = D90866EF1B91292F002A6F87 /* TrolleyAnnotationView.swift */; };
		D90866F41B91C79F002A6F87 /* Montserrat-Bold.ttf in Resources */ = {isa = PBXBuildFile; fileRef = D90866F21B91C633002A6F87 /* Montserrat-Bold.ttf */; };
		D90866F71B91C8B8002A6F87 /* UIFont+TrolleyTracker.swift in Sources */ = {isa = PBXBuildFile; fileRef = D90866F61B91C8B8002A6F87 /* UIFont+TrolleyTracker.swift */; };
		D90866FB1B91D519002A6F87 /* String+TrolleyTracker.swift in Sources */ = {isa = PBXBuildFile; fileRef = D90866FA1B91D519002A6F87 /* String+TrolleyTracker.swift */; };
		D90867031B91F4D9002A6F87 /* EnvironmentVariables.swift in Sources */ = {isa = PBXBuildFile; fileRef = D90867021B91F4D9002A6F87 /* EnvironmentVariables.swift */; };
		D908670C1B91FE3B002A6F87 /* Alamofire.framework in Frameworks */ = {isa = PBXBuildFile; fileRef = D908670B1B91FE3B002A6F87 /* Alamofire.framework */; };
		D908670F1B921229002A6F87 /* TrolleyStopAnnotationView.swift in Sources */ = {isa = PBXBuildFile; fileRef = D908670E1B921229002A6F87 /* TrolleyStopAnnotationView.swift */; };
		D90867111B921431002A6F87 /* UIView+TrolleyTracker.swift in Sources */ = {isa = PBXBuildFile; fileRef = D90867101B921431002A6F87 /* UIView+TrolleyTracker.swift */; };
		D914FADE1B30DEF0002DACF8 /* UserLocationService.swift in Sources */ = {isa = PBXBuildFile; fileRef = D914FADD1B30DEF0002DACF8 /* UserLocationService.swift */; };
		D914FAE01B30DEFE002DACF8 /* TrolleyRouteService.swift in Sources */ = {isa = PBXBuildFile; fileRef = D914FADF1B30DEFE002DACF8 /* TrolleyRouteService.swift */; };
		D914FAE21B30DF14002DACF8 /* TrolleyLocationService.swift in Sources */ = {isa = PBXBuildFile; fileRef = D914FAE11B30DF14002DACF8 /* TrolleyLocationService.swift */; };
		D914FAE41B30DFA8002DACF8 /* Trolley.swift in Sources */ = {isa = PBXBuildFile; fileRef = D914FAE31B30DFA8002DACF8 /* Trolley.swift */; };
		D914FAE61B30DFC0002DACF8 /* TrolleyStop.swift in Sources */ = {isa = PBXBuildFile; fileRef = D914FAE51B30DFC0002DACF8 /* TrolleyStop.swift */; };
		D914FAFC1B30EA84002DACF8 /* ObserverSet.swift in Sources */ = {isa = PBXBuildFile; fileRef = D914FAFB1B30EA84002DACF8 /* ObserverSet.swift */; };
		D914FB021B30EE11002DACF8 /* SwiftyJSON.swift in Sources */ = {isa = PBXBuildFile; fileRef = D914FB011B30EE11002DACF8 /* SwiftyJSON.swift */; };
		D92876CB1BCB0CE5003333EA /* SettingsDataSource.swift in Sources */ = {isa = PBXBuildFile; fileRef = D92876CA1BCB0CE5003333EA /* SettingsDataSource.swift */; settings = {ASSET_TAGS = (); }; };
		D92876CD1BCB21EE003333EA /* Main.storyboard in Resources */ = {isa = PBXBuildFile; fileRef = D92876CC1BCB21EE003333EA /* Main.storyboard */; settings = {ASSET_TAGS = (); }; };
		D95DAFC51B7F60EE00BBC906 /* TrolleyRequests.swift in Sources */ = {isa = PBXBuildFile; fileRef = D95DAFC41B7F60EE00BBC906 /* TrolleyRequests.swift */; };
		D95EF7671B87302F009B5779 /* TrolleyRouteOverlay.swift in Sources */ = {isa = PBXBuildFile; fileRef = D95EF7661B87302F009B5779 /* TrolleyRouteOverlay.swift */; };
		D95EF76C1B889B00009B5779 /* UIImage+TrolleyTracker.swift in Sources */ = {isa = PBXBuildFile; fileRef = D95EF76B1B889B00009B5779 /* UIImage+TrolleyTracker.swift */; };
		D9650C9A1B8559EA0004A2AF /* TrolleyRoute.swift in Sources */ = {isa = PBXBuildFile; fileRef = D9650C991B8559EA0004A2AF /* TrolleyRoute.swift */; };
		D9650CA41B86A9F10004A2AF /* UIColor+TrolleyTracker.swift in Sources */ = {isa = PBXBuildFile; fileRef = D9650CA31B86A9F10004A2AF /* UIColor+TrolleyTracker.swift */; };
		D98715411B8A7D8200489594 /* TimeAndDistanceService.swift in Sources */ = {isa = PBXBuildFile; fileRef = D98715401B8A7D8200489594 /* TimeAndDistanceService.swift */; };
		D98715471B8A7DDC00489594 /* ConcurrentOperation.swift in Sources */ = {isa = PBXBuildFile; fileRef = D98715461B8A7DDC00489594 /* ConcurrentOperation.swift */; };
		D98715491B8A7E0C00489594 /* GetETAOperation.swift in Sources */ = {isa = PBXBuildFile; fileRef = D98715481B8A7E0C00489594 /* GetETAOperation.swift */; };
		E71A678A1B30DCD30036FE10 /* MapViewController.swift in Sources */ = {isa = PBXBuildFile; fileRef = E71A67891B30DCD30036FE10 /* MapViewController.swift */; };
		E71A678C1B30DCE60036FE10 /* DetailViewController.swift in Sources */ = {isa = PBXBuildFile; fileRef = E71A678B1B30DCE60036FE10 /* DetailViewController.swift */; };
		E71A678E1B30DCEF0036FE10 /* SettingsViewController.swift in Sources */ = {isa = PBXBuildFile; fileRef = E71A678D1B30DCEF0036FE10 /* SettingsViewController.swift */; };
		EFA4B1FC1A1C201F00BEA42C /* AppDelegate.swift in Sources */ = {isa = PBXBuildFile; fileRef = EFA4B1FB1A1C201F00BEA42C /* AppDelegate.swift */; };
		EFA4B2031A1C201F00BEA42C /* Images.xcassets in Resources */ = {isa = PBXBuildFile; fileRef = EFA4B2021A1C201F00BEA42C /* Images.xcassets */; };
		EFA4B2061A1C201F00BEA42C /* LaunchScreen.xib in Resources */ = {isa = PBXBuildFile; fileRef = EFA4B2041A1C201F00BEA42C /* LaunchScreen.xib */; };
		EFA4B2121A1C201F00BEA42C /* TrolleyTrackerTests.swift in Sources */ = {isa = PBXBuildFile; fileRef = EFA4B2111A1C201F00BEA42C /* TrolleyTrackerTests.swift */; };
/* End PBXBuildFile section */

/* Begin PBXContainerItemProxy section */
		EFA4B20C1A1C201F00BEA42C /* PBXContainerItemProxy */ = {
			isa = PBXContainerItemProxy;
			containerPortal = EFA4B1EE1A1C201F00BEA42C /* Project object */;
			proxyType = 1;
			remoteGlobalIDString = EFA4B1F51A1C201F00BEA42C;
			remoteInfo = TrolleyTracker;
		};
/* End PBXContainerItemProxy section */

/* Begin PBXCopyFilesBuildPhase section */
		D95DAFDA1B7FF92B00BBC906 /* Embed Frameworks */ = {
			isa = PBXCopyFilesBuildPhase;
			buildActionMask = 8;
			dstPath = "";
			dstSubfolderSpec = 10;
			files = (
			);
			name = "Embed Frameworks";
			runOnlyForDeploymentPostprocessing = 1;
		};
/* End PBXCopyFilesBuildPhase section */

/* Begin PBXFileReference section */
		D90866EF1B91292F002A6F87 /* TrolleyAnnotationView.swift */ = {isa = PBXFileReference; fileEncoding = 4; lastKnownFileType = sourcecode.swift; path = TrolleyAnnotationView.swift; sourceTree = "<group>"; };
		D90866F21B91C633002A6F87 /* Montserrat-Bold.ttf */ = {isa = PBXFileReference; lastKnownFileType = file; path = "Montserrat-Bold.ttf"; sourceTree = "<group>"; };
		D90866F61B91C8B8002A6F87 /* UIFont+TrolleyTracker.swift */ = {isa = PBXFileReference; fileEncoding = 4; lastKnownFileType = sourcecode.swift; path = "UIFont+TrolleyTracker.swift"; sourceTree = "<group>"; };
		D90866FA1B91D519002A6F87 /* String+TrolleyTracker.swift */ = {isa = PBXFileReference; fileEncoding = 4; lastKnownFileType = sourcecode.swift; path = "String+TrolleyTracker.swift"; sourceTree = "<group>"; };
		D90867021B91F4D9002A6F87 /* EnvironmentVariables.swift */ = {isa = PBXFileReference; fileEncoding = 4; lastKnownFileType = sourcecode.swift; path = EnvironmentVariables.swift; sourceTree = "<group>"; };
		D908670B1B91FE3B002A6F87 /* Alamofire.framework */ = {isa = PBXFileReference; lastKnownFileType = wrapper.framework; name = Alamofire.framework; path = Carthage/Build/iOS/Alamofire.framework; sourceTree = "<group>"; };
		D908670E1B921229002A6F87 /* TrolleyStopAnnotationView.swift */ = {isa = PBXFileReference; fileEncoding = 4; lastKnownFileType = sourcecode.swift; name = TrolleyStopAnnotationView.swift; path = TrolleyTracker.xcodeproj/../TrolleyStopAnnotationView.swift; sourceTree = SOURCE_ROOT; };
		D90867101B921431002A6F87 /* UIView+TrolleyTracker.swift */ = {isa = PBXFileReference; fileEncoding = 4; lastKnownFileType = sourcecode.swift; path = "UIView+TrolleyTracker.swift"; sourceTree = "<group>"; };
		D90867121B9217D8002A6F87 /* Drawing.playground */ = {isa = PBXFileReference; lastKnownFileType = file.playground; path = Drawing.playground; sourceTree = "<group>"; };
		D914FADD1B30DEF0002DACF8 /* UserLocationService.swift */ = {isa = PBXFileReference; fileEncoding = 4; lastKnownFileType = sourcecode.swift; path = UserLocationService.swift; sourceTree = "<group>"; };
		D914FADF1B30DEFE002DACF8 /* TrolleyRouteService.swift */ = {isa = PBXFileReference; fileEncoding = 4; lastKnownFileType = sourcecode.swift; path = TrolleyRouteService.swift; sourceTree = "<group>"; };
		D914FAE11B30DF14002DACF8 /* TrolleyLocationService.swift */ = {isa = PBXFileReference; fileEncoding = 4; lastKnownFileType = sourcecode.swift; path = TrolleyLocationService.swift; sourceTree = "<group>"; };
		D914FAE31B30DFA8002DACF8 /* Trolley.swift */ = {isa = PBXFileReference; fileEncoding = 4; lastKnownFileType = sourcecode.swift; path = Trolley.swift; sourceTree = "<group>"; };
		D914FAE51B30DFC0002DACF8 /* TrolleyStop.swift */ = {isa = PBXFileReference; fileEncoding = 4; lastKnownFileType = sourcecode.swift; path = TrolleyStop.swift; sourceTree = "<group>"; };
		D914FAFB1B30EA84002DACF8 /* ObserverSet.swift */ = {isa = PBXFileReference; fileEncoding = 4; lastKnownFileType = sourcecode.swift; path = ObserverSet.swift; sourceTree = "<group>"; };
		D914FB011B30EE11002DACF8 /* SwiftyJSON.swift */ = {isa = PBXFileReference; fileEncoding = 4; lastKnownFileType = sourcecode.swift; path = SwiftyJSON.swift; sourceTree = "<group>"; };
		D92876CA1BCB0CE5003333EA /* SettingsDataSource.swift */ = {isa = PBXFileReference; fileEncoding = 4; lastKnownFileType = sourcecode.swift; path = SettingsDataSource.swift; sourceTree = "<group>"; };
		D92876CC1BCB21EE003333EA /* Main.storyboard */ = {isa = PBXFileReference; fileEncoding = 4; lastKnownFileType = file.storyboard; path = Main.storyboard; sourceTree = "<group>"; };
		D95DAFC41B7F60EE00BBC906 /* TrolleyRequests.swift */ = {isa = PBXFileReference; fileEncoding = 4; lastKnownFileType = sourcecode.swift; path = TrolleyRequests.swift; sourceTree = "<group>"; };
		D95EF7661B87302F009B5779 /* TrolleyRouteOverlay.swift */ = {isa = PBXFileReference; fileEncoding = 4; lastKnownFileType = sourcecode.swift; path = TrolleyRouteOverlay.swift; sourceTree = "<group>"; };
		D95EF76B1B889B00009B5779 /* UIImage+TrolleyTracker.swift */ = {isa = PBXFileReference; fileEncoding = 4; lastKnownFileType = sourcecode.swift; path = "UIImage+TrolleyTracker.swift"; sourceTree = "<group>"; };
		D9650C991B8559EA0004A2AF /* TrolleyRoute.swift */ = {isa = PBXFileReference; fileEncoding = 4; lastKnownFileType = sourcecode.swift; path = TrolleyRoute.swift; sourceTree = "<group>"; };
		D9650CA31B86A9F10004A2AF /* UIColor+TrolleyTracker.swift */ = {isa = PBXFileReference; fileEncoding = 4; lastKnownFileType = sourcecode.swift; path = "UIColor+TrolleyTracker.swift"; sourceTree = "<group>"; };
		D98715401B8A7D8200489594 /* TimeAndDistanceService.swift */ = {isa = PBXFileReference; fileEncoding = 4; lastKnownFileType = sourcecode.swift; path = TimeAndDistanceService.swift; sourceTree = "<group>"; };
		D98715461B8A7DDC00489594 /* ConcurrentOperation.swift */ = {isa = PBXFileReference; fileEncoding = 4; lastKnownFileType = sourcecode.swift; path = ConcurrentOperation.swift; sourceTree = "<group>"; };
		D98715481B8A7E0C00489594 /* GetETAOperation.swift */ = {isa = PBXFileReference; fileEncoding = 4; lastKnownFileType = sourcecode.swift; path = GetETAOperation.swift; sourceTree = "<group>"; };
		E71A67891B30DCD30036FE10 /* MapViewController.swift */ = {isa = PBXFileReference; fileEncoding = 4; lastKnownFileType = sourcecode.swift; path = MapViewController.swift; sourceTree = "<group>"; };
		E71A678B1B30DCE60036FE10 /* DetailViewController.swift */ = {isa = PBXFileReference; fileEncoding = 4; lastKnownFileType = sourcecode.swift; path = DetailViewController.swift; sourceTree = "<group>"; };
		E71A678D1B30DCEF0036FE10 /* SettingsViewController.swift */ = {isa = PBXFileReference; fileEncoding = 4; lastKnownFileType = sourcecode.swift; path = SettingsViewController.swift; sourceTree = "<group>"; };
		EFA4B1F61A1C201F00BEA42C /* TrolleyTracker.app */ = {isa = PBXFileReference; explicitFileType = wrapper.application; includeInIndex = 0; path = TrolleyTracker.app; sourceTree = BUILT_PRODUCTS_DIR; };
		EFA4B1FA1A1C201F00BEA42C /* Info.plist */ = {isa = PBXFileReference; lastKnownFileType = text.plist.xml; path = Info.plist; sourceTree = "<group>"; };
		EFA4B1FB1A1C201F00BEA42C /* AppDelegate.swift */ = {isa = PBXFileReference; lastKnownFileType = sourcecode.swift; path = AppDelegate.swift; sourceTree = "<group>"; };
		EFA4B2021A1C201F00BEA42C /* Images.xcassets */ = {isa = PBXFileReference; lastKnownFileType = folder.assetcatalog; path = Images.xcassets; sourceTree = "<group>"; };
		EFA4B2051A1C201F00BEA42C /* Base */ = {isa = PBXFileReference; lastKnownFileType = file.xib; name = Base; path = Base.lproj/LaunchScreen.xib; sourceTree = "<group>"; };
		EFA4B20B1A1C201F00BEA42C /* TrolleyTrackerTests.xctest */ = {isa = PBXFileReference; explicitFileType = wrapper.cfbundle; includeInIndex = 0; path = TrolleyTrackerTests.xctest; sourceTree = BUILT_PRODUCTS_DIR; };
		EFA4B2101A1C201F00BEA42C /* Info.plist */ = {isa = PBXFileReference; lastKnownFileType = text.plist.xml; path = Info.plist; sourceTree = "<group>"; };
		EFA4B2111A1C201F00BEA42C /* TrolleyTrackerTests.swift */ = {isa = PBXFileReference; lastKnownFileType = sourcecode.swift; path = TrolleyTrackerTests.swift; sourceTree = "<group>"; };
/* End PBXFileReference section */

/* Begin PBXFrameworksBuildPhase section */
		EFA4B1F31A1C201F00BEA42C /* Frameworks */ = {
			isa = PBXFrameworksBuildPhase;
			buildActionMask = 2147483647;
			files = (
				D908670C1B91FE3B002A6F87 /* Alamofire.framework in Frameworks */,
			);
			runOnlyForDeploymentPostprocessing = 0;
		};
		EFA4B2081A1C201F00BEA42C /* Frameworks */ = {
			isa = PBXFrameworksBuildPhase;
			buildActionMask = 2147483647;
			files = (
			);
			runOnlyForDeploymentPostprocessing = 0;
		};
/* End PBXFrameworksBuildPhase section */

/* Begin PBXGroup section */
		D90866F11B91C60F002A6F87 /* Fonts */ = {
			isa = PBXGroup;
			children = (
				D90866F21B91C633002A6F87 /* Montserrat-Bold.ttf */,
			);
			name = Fonts;
			sourceTree = "<group>";
		};
		D90866F81B91C8BF002A6F87 /* Extensions */ = {
			isa = PBXGroup;
			children = (
				D9650CA31B86A9F10004A2AF /* UIColor+TrolleyTracker.swift */,
				D95EF76B1B889B00009B5779 /* UIImage+TrolleyTracker.swift */,
				D90866F61B91C8B8002A6F87 /* UIFont+TrolleyTracker.swift */,
				D90866FA1B91D519002A6F87 /* String+TrolleyTracker.swift */,
				D90867101B921431002A6F87 /* UIView+TrolleyTracker.swift */,
			);
			name = Extensions;
			sourceTree = "<group>";
		};
		D914FADB1B30DEA4002DACF8 /* Models */ = {
			isa = PBXGroup;
			children = (
				D914FAE31B30DFA8002DACF8 /* Trolley.swift */,
				D914FAE51B30DFC0002DACF8 /* TrolleyStop.swift */,
				D9650C991B8559EA0004A2AF /* TrolleyRoute.swift */,
			);
			name = Models;
			sourceTree = "<group>";
		};
		D914FADC1B30DEB4002DACF8 /* Services */ = {
			isa = PBXGroup;
			children = (
				D914FADD1B30DEF0002DACF8 /* UserLocationService.swift */,
				D914FADF1B30DEFE002DACF8 /* TrolleyRouteService.swift */,
				D914FAE11B30DF14002DACF8 /* TrolleyLocationService.swift */,
				D95DAFC41B7F60EE00BBC906 /* TrolleyRequests.swift */,
				D98715401B8A7D8200489594 /* TimeAndDistanceService.swift */,
			);
			name = Services;
			sourceTree = "<group>";
		};
		D9650CA01B86A4030004A2AF /* Controllers */ = {
			isa = PBXGroup;
			children = (
				E71A67891B30DCD30036FE10 /* MapViewController.swift */,
				E71A678B1B30DCE60036FE10 /* DetailViewController.swift */,
				E71A678D1B30DCEF0036FE10 /* SettingsViewController.swift */,
				D92876CA1BCB0CE5003333EA /* SettingsDataSource.swift */,
			);
			name = Controllers;
			sourceTree = "<group>";
		};
		D9650CA11B86A40A0004A2AF /* Views */ = {
			isa = PBXGroup;
			children = (
				D90866EF1B91292F002A6F87 /* TrolleyAnnotationView.swift */,
				D908670E1B921229002A6F87 /* TrolleyStopAnnotationView.swift */,
			);
			name = Views;
			sourceTree = "<group>";
		};
		D98715451B8A7DA100489594 /* Operations */ = {
			isa = PBXGroup;
			children = (
				D98715481B8A7E0C00489594 /* GetETAOperation.swift */,
				D98715461B8A7DDC00489594 /* ConcurrentOperation.swift */,
			);
			name = Operations;
			sourceTree = "<group>";
		};
		EFA4B1ED1A1C201F00BEA42C = {
			isa = PBXGroup;
			children = (
				D90867121B9217D8002A6F87 /* Drawing.playground */,
				D908670B1B91FE3B002A6F87 /* Alamofire.framework */,
				EFA4B1F81A1C201F00BEA42C /* TrolleyTracker */,
				EFA4B20E1A1C201F00BEA42C /* TrolleyTrackerTests */,
				EFA4B1F71A1C201F00BEA42C /* Products */,
			);
			sourceTree = "<group>";
		};
		EFA4B1F71A1C201F00BEA42C /* Products */ = {
			isa = PBXGroup;
			children = (
				EFA4B1F61A1C201F00BEA42C /* TrolleyTracker.app */,
				EFA4B20B1A1C201F00BEA42C /* TrolleyTrackerTests.xctest */,
			);
			name = Products;
			sourceTree = "<group>";
		};
		EFA4B1F81A1C201F00BEA42C /* TrolleyTracker */ = {
			isa = PBXGroup;
			children = (
				D92876CC1BCB21EE003333EA /* Main.storyboard */,
				D98715451B8A7DA100489594 /* Operations */,
				D914FB011B30EE11002DACF8 /* SwiftyJSON.swift */,
				D914FADC1B30DEB4002DACF8 /* Services */,
				D914FADB1B30DEA4002DACF8 /* Models */,
				D9650CA01B86A4030004A2AF /* Controllers */,
				D9650CA11B86A40A0004A2AF /* Views */,
				EFA4B1FB1A1C201F00BEA42C /* AppDelegate.swift */,
				D95EF7661B87302F009B5779 /* TrolleyRouteOverlay.swift */,
				EFA4B2021A1C201F00BEA42C /* Images.xcassets */,
				EFA4B2041A1C201F00BEA42C /* LaunchScreen.xib */,
				EFA4B1F91A1C201F00BEA42C /* Supporting Files */,
				D914FAFB1B30EA84002DACF8 /* ObserverSet.swift */,
				D90866F81B91C8BF002A6F87 /* Extensions */,
				D90866F11B91C60F002A6F87 /* Fonts */,
			);
			path = TrolleyTracker;
			sourceTree = "<group>";
		};
		EFA4B1F91A1C201F00BEA42C /* Supporting Files */ = {
			isa = PBXGroup;
			children = (
				EFA4B1FA1A1C201F00BEA42C /* Info.plist */,
				D90867021B91F4D9002A6F87 /* EnvironmentVariables.swift */,
			);
			name = "Supporting Files";
			sourceTree = "<group>";
		};
		EFA4B20E1A1C201F00BEA42C /* TrolleyTrackerTests */ = {
			isa = PBXGroup;
			children = (
				EFA4B2111A1C201F00BEA42C /* TrolleyTrackerTests.swift */,
				EFA4B20F1A1C201F00BEA42C /* Supporting Files */,
			);
			path = TrolleyTrackerTests;
			sourceTree = "<group>";
		};
		EFA4B20F1A1C201F00BEA42C /* Supporting Files */ = {
			isa = PBXGroup;
			children = (
				EFA4B2101A1C201F00BEA42C /* Info.plist */,
			);
			name = "Supporting Files";
			sourceTree = "<group>";
		};
/* End PBXGroup section */

/* Begin PBXNativeTarget section */
		EFA4B1F51A1C201F00BEA42C /* TrolleyTracker */ = {
			isa = PBXNativeTarget;
			buildConfigurationList = EFA4B2151A1C201F00BEA42C /* Build configuration list for PBXNativeTarget "TrolleyTracker" */;
			buildPhases = (
				EFA4B1F21A1C201F00BEA42C /* Sources */,
				EFA4B1F31A1C201F00BEA42C /* Frameworks */,
				EFA4B1F41A1C201F00BEA42C /* Resources */,
				D95DAFDA1B7FF92B00BBC906 /* Embed Frameworks */,
				D908670D1B91FE59002A6F87 /* Carthage */,
			);
			buildRules = (
			);
			dependencies = (
			);
			name = TrolleyTracker;
			productName = TrolleyTracker;
			productReference = EFA4B1F61A1C201F00BEA42C /* TrolleyTracker.app */;
			productType = "com.apple.product-type.application";
		};
		EFA4B20A1A1C201F00BEA42C /* TrolleyTrackerTests */ = {
			isa = PBXNativeTarget;
			buildConfigurationList = EFA4B2181A1C201F00BEA42C /* Build configuration list for PBXNativeTarget "TrolleyTrackerTests" */;
			buildPhases = (
				EFA4B2071A1C201F00BEA42C /* Sources */,
				EFA4B2081A1C201F00BEA42C /* Frameworks */,
				EFA4B2091A1C201F00BEA42C /* Resources */,
			);
			buildRules = (
			);
			dependencies = (
				EFA4B20D1A1C201F00BEA42C /* PBXTargetDependency */,
			);
			name = TrolleyTrackerTests;
			productName = TrolleyTrackerTests;
			productReference = EFA4B20B1A1C201F00BEA42C /* TrolleyTrackerTests.xctest */;
			productType = "com.apple.product-type.bundle.unit-test";
		};
/* End PBXNativeTarget section */

/* Begin PBXProject section */
		EFA4B1EE1A1C201F00BEA42C /* Project object */ = {
			isa = PBXProject;
			attributes = {
				LastSwiftMigration = 0700;
				LastSwiftUpdateCheck = 0700;
				LastUpgradeCheck = 0610;
				ORGANIZATIONNAME = "Code For Greenville";
				TargetAttributes = {
					EFA4B1F51A1C201F00BEA42C = {
						CreatedOnToolsVersion = 6.1;
						DevelopmentTeam = 5SN74W2EB7;
					};
					EFA4B20A1A1C201F00BEA42C = {
						CreatedOnToolsVersion = 6.1;
						TestTargetID = EFA4B1F51A1C201F00BEA42C;
					};
				};
			};
			buildConfigurationList = EFA4B1F11A1C201F00BEA42C /* Build configuration list for PBXProject "TrolleyTracker" */;
			compatibilityVersion = "Xcode 3.2";
			developmentRegion = English;
			hasScannedForEncodings = 0;
			knownRegions = (
				en,
				Base,
			);
			mainGroup = EFA4B1ED1A1C201F00BEA42C;
			productRefGroup = EFA4B1F71A1C201F00BEA42C /* Products */;
			projectDirPath = "";
			projectRoot = "";
			targets = (
				EFA4B1F51A1C201F00BEA42C /* TrolleyTracker */,
				EFA4B20A1A1C201F00BEA42C /* TrolleyTrackerTests */,
			);
		};
/* End PBXProject section */

/* Begin PBXResourcesBuildPhase section */
		EFA4B1F41A1C201F00BEA42C /* Resources */ = {
			isa = PBXResourcesBuildPhase;
			buildActionMask = 2147483647;
			files = (
				EFA4B2061A1C201F00BEA42C /* LaunchScreen.xib in Resources */,
				EFA4B2031A1C201F00BEA42C /* Images.xcassets in Resources */,
				D90866F41B91C79F002A6F87 /* Montserrat-Bold.ttf in Resources */,
				D92876CD1BCB21EE003333EA /* Main.storyboard in Resources */,
			);
			runOnlyForDeploymentPostprocessing = 0;
		};
		EFA4B2091A1C201F00BEA42C /* Resources */ = {
			isa = PBXResourcesBuildPhase;
			buildActionMask = 2147483647;
			files = (
			);
			runOnlyForDeploymentPostprocessing = 0;
		};
/* End PBXResourcesBuildPhase section */

/* Begin PBXShellScriptBuildPhase section */
		D908670D1B91FE59002A6F87 /* Carthage */ = {
			isa = PBXShellScriptBuildPhase;
			buildActionMask = 2147483647;
			files = (
			);
			inputPaths = (
				"$(SRCROOT)/Carthage/Build/iOS/Alamofire.framework",
			);
			name = Carthage;
			outputPaths = (
			);
			runOnlyForDeploymentPostprocessing = 0;
			shellPath = /bin/sh;
			shellScript = "/usr/local/bin/carthage copy-frameworks";
		};
/* End PBXShellScriptBuildPhase section */

/* Begin PBXSourcesBuildPhase section */
		EFA4B1F21A1C201F00BEA42C /* Sources */ = {
			isa = PBXSourcesBuildPhase;
			buildActionMask = 2147483647;
			files = (
				D95EF76C1B889B00009B5779 /* UIImage+TrolleyTracker.swift in Sources */,
				D95EF7671B87302F009B5779 /* TrolleyRouteOverlay.swift in Sources */,
				D914FADE1B30DEF0002DACF8 /* UserLocationService.swift in Sources */,
				D98715491B8A7E0C00489594 /* GetETAOperation.swift in Sources */,
				D914FAFC1B30EA84002DACF8 /* ObserverSet.swift in Sources */,
				D914FAE21B30DF14002DACF8 /* TrolleyLocationService.swift in Sources */,
				D98715411B8A7D8200489594 /* TimeAndDistanceService.swift in Sources */,
				EFA4B1FC1A1C201F00BEA42C /* AppDelegate.swift in Sources */,
				E71A678C1B30DCE60036FE10 /* DetailViewController.swift in Sources */,
				E71A678E1B30DCEF0036FE10 /* SettingsViewController.swift in Sources */,
				D90867031B91F4D9002A6F87 /* EnvironmentVariables.swift in Sources */,
				D914FAE61B30DFC0002DACF8 /* TrolleyStop.swift in Sources */,
				D9650C9A1B8559EA0004A2AF /* TrolleyRoute.swift in Sources */,
				D90866F01B91292F002A6F87 /* TrolleyAnnotationView.swift in Sources */,
				D90867111B921431002A6F87 /* UIView+TrolleyTracker.swift in Sources */,
				D92876CB1BCB0CE5003333EA /* SettingsDataSource.swift in Sources */,
				D95DAFC51B7F60EE00BBC906 /* TrolleyRequests.swift in Sources */,
				D90866FB1B91D519002A6F87 /* String+TrolleyTracker.swift in Sources */,
				D914FAE41B30DFA8002DACF8 /* Trolley.swift in Sources */,
				D908670F1B921229002A6F87 /* TrolleyStopAnnotationView.swift in Sources */,
				D98715471B8A7DDC00489594 /* ConcurrentOperation.swift in Sources */,
				D9650CA41B86A9F10004A2AF /* UIColor+TrolleyTracker.swift in Sources */,
				D90866F71B91C8B8002A6F87 /* UIFont+TrolleyTracker.swift in Sources */,
				E71A678A1B30DCD30036FE10 /* MapViewController.swift in Sources */,
				D914FAE01B30DEFE002DACF8 /* TrolleyRouteService.swift in Sources */,
				D914FB021B30EE11002DACF8 /* SwiftyJSON.swift in Sources */,
			);
			runOnlyForDeploymentPostprocessing = 0;
		};
		EFA4B2071A1C201F00BEA42C /* Sources */ = {
			isa = PBXSourcesBuildPhase;
			buildActionMask = 2147483647;
			files = (
				EFA4B2121A1C201F00BEA42C /* TrolleyTrackerTests.swift in Sources */,
			);
			runOnlyForDeploymentPostprocessing = 0;
		};
/* End PBXSourcesBuildPhase section */

/* Begin PBXTargetDependency section */
		EFA4B20D1A1C201F00BEA42C /* PBXTargetDependency */ = {
			isa = PBXTargetDependency;
			target = EFA4B1F51A1C201F00BEA42C /* TrolleyTracker */;
			targetProxy = EFA4B20C1A1C201F00BEA42C /* PBXContainerItemProxy */;
		};
/* End PBXTargetDependency section */

/* Begin PBXVariantGroup section */
		EFA4B2041A1C201F00BEA42C /* LaunchScreen.xib */ = {
			isa = PBXVariantGroup;
			children = (
				EFA4B2051A1C201F00BEA42C /* Base */,
			);
			name = LaunchScreen.xib;
			sourceTree = "<group>";
		};
/* End PBXVariantGroup section */

/* Begin XCBuildConfiguration section */
		D90866FC1B91E041002A6F87 /* Debug Test */ = {
			isa = XCBuildConfiguration;
			buildSettings = {
				ALWAYS_SEARCH_USER_PATHS = NO;
				BUNDLE_DISPLAY_NAME_SUFFIX = "-T";
				BUNDLE_ID_SUFFIX = .test;
				CLANG_CXX_LANGUAGE_STANDARD = "gnu++0x";
				CLANG_CXX_LIBRARY = "libc++";
				CLANG_ENABLE_MODULES = YES;
				CLANG_ENABLE_OBJC_ARC = YES;
				CLANG_WARN_BOOL_CONVERSION = YES;
				CLANG_WARN_CONSTANT_CONVERSION = YES;
				CLANG_WARN_DIRECT_OBJC_ISA_USAGE = YES_ERROR;
				CLANG_WARN_EMPTY_BODY = YES;
				CLANG_WARN_ENUM_CONVERSION = YES;
				CLANG_WARN_INT_CONVERSION = YES;
				CLANG_WARN_OBJC_ROOT_CLASS = YES_ERROR;
				CLANG_WARN_UNREACHABLE_CODE = YES;
				CLANG_WARN__DUPLICATE_METHOD_MATCH = YES;
				"CODE_SIGN_IDENTITY[sdk=iphoneos*]" = "iPhone Developer";
				COPY_PHASE_STRIP = NO;
				ENABLE_STRICT_OBJC_MSGSEND = YES;
				GCC_C_LANGUAGE_STANDARD = gnu99;
				GCC_DYNAMIC_NO_PIC = NO;
				GCC_OPTIMIZATION_LEVEL = 0;
				GCC_PREPROCESSOR_DEFINITIONS = (
					"DEBUG=1",
					"$(inherited)",
				);
				GCC_SYMBOLS_PRIVATE_EXTERN = NO;
				GCC_WARN_64_TO_32_BIT_CONVERSION = YES;
				GCC_WARN_ABOUT_RETURN_TYPE = YES_ERROR;
				GCC_WARN_UNDECLARED_SELECTOR = YES;
				GCC_WARN_UNINITIALIZED_AUTOS = YES_AGGRESSIVE;
				GCC_WARN_UNUSED_FUNCTION = YES;
				GCC_WARN_UNUSED_VARIABLE = YES;
				IPHONEOS_DEPLOYMENT_TARGET = 8.1;
				MTL_ENABLE_DEBUG_INFO = YES;
				ONLY_ACTIVE_ARCH = YES;
				OTHER_SWIFT_FLAGS = "-DDEBUGGING -DTEST";
				SDKROOT = iphoneos;
				SWIFT_OPTIMIZATION_LEVEL = "-Onone";
			};
			name = "Debug Test";
		};
		D90866FD1B91E041002A6F87 /* Debug Test */ = {
			isa = XCBuildConfiguration;
			buildSettings = {
				ASSETCATALOG_COMPILER_APPICON_NAME = AppIcon;
				CODE_SIGN_IDENTITY = "iPhone Developer";
				FRAMEWORK_SEARCH_PATHS = (
					"$(inherited)",
					"$(PROJECT_DIR)",
					"$(PROJECT_DIR)/Carthage/Build/iOS",
				);
				INFOPLIST_FILE = TrolleyTracker/Info.plist;
				IPHONEOS_DEPLOYMENT_TARGET = 8.0;
				LD_RUNPATH_SEARCH_PATHS = "$(inherited) @executable_path/Frameworks";
				PRODUCT_NAME = "$(TARGET_NAME)";
				PROVISIONING_PROFILE = "";
			};
			name = "Debug Test";
		};
		D90866FE1B91E041002A6F87 /* Debug Test */ = {
			isa = XCBuildConfiguration;
			buildSettings = {
				BUNDLE_LOADER = "$(TEST_HOST)";
				FRAMEWORK_SEARCH_PATHS = (
					"$(SDKROOT)/Developer/Library/Frameworks",
					"$(inherited)",
				);
				GCC_PREPROCESSOR_DEFINITIONS = (
					"DEBUG=1",
					"$(inherited)",
				);
				INFOPLIST_FILE = TrolleyTrackerTests/Info.plist;
				LD_RUNPATH_SEARCH_PATHS = "$(inherited) @executable_path/Frameworks @loader_path/Frameworks";
				PRODUCT_NAME = "$(TARGET_NAME)";
				TEST_HOST = "$(BUILT_PRODUCTS_DIR)/TrolleyTracker.app/TrolleyTracker";
			};
			name = "Debug Test";
		};
		D90866FF1B91E04B002A6F87 /* Release Test */ = {
			isa = XCBuildConfiguration;
			buildSettings = {
				ALWAYS_SEARCH_USER_PATHS = NO;
				BUNDLE_DISPLAY_NAME_SUFFIX = "-T";
				BUNDLE_ID_SUFFIX = .test;
				CLANG_CXX_LANGUAGE_STANDARD = "gnu++0x";
				CLANG_CXX_LIBRARY = "libc++";
				CLANG_ENABLE_MODULES = YES;
				CLANG_ENABLE_OBJC_ARC = YES;
				CLANG_WARN_BOOL_CONVERSION = YES;
				CLANG_WARN_CONSTANT_CONVERSION = YES;
				CLANG_WARN_DIRECT_OBJC_ISA_USAGE = YES_ERROR;
				CLANG_WARN_EMPTY_BODY = YES;
				CLANG_WARN_ENUM_CONVERSION = YES;
				CLANG_WARN_INT_CONVERSION = YES;
				CLANG_WARN_OBJC_ROOT_CLASS = YES_ERROR;
				CLANG_WARN_UNREACHABLE_CODE = YES;
				CLANG_WARN__DUPLICATE_METHOD_MATCH = YES;
				"CODE_SIGN_IDENTITY[sdk=iphoneos*]" = "iPhone Developer";
				COPY_PHASE_STRIP = YES;
				ENABLE_NS_ASSERTIONS = NO;
				ENABLE_STRICT_OBJC_MSGSEND = YES;
				GCC_C_LANGUAGE_STANDARD = gnu99;
				GCC_WARN_64_TO_32_BIT_CONVERSION = YES;
				GCC_WARN_ABOUT_RETURN_TYPE = YES_ERROR;
				GCC_WARN_UNDECLARED_SELECTOR = YES;
				GCC_WARN_UNINITIALIZED_AUTOS = YES_AGGRESSIVE;
				GCC_WARN_UNUSED_FUNCTION = YES;
				GCC_WARN_UNUSED_VARIABLE = YES;
				IPHONEOS_DEPLOYMENT_TARGET = 8.1;
				MTL_ENABLE_DEBUG_INFO = NO;
				OTHER_SWIFT_FLAGS = "-DTEST";
				SDKROOT = iphoneos;
				VALIDATE_PRODUCT = YES;
			};
			name = "Release Test";
		};
		D90867001B91E04B002A6F87 /* Release Test */ = {
			isa = XCBuildConfiguration;
			buildSettings = {
				ASSETCATALOG_COMPILER_APPICON_NAME = AppIcon;
				CODE_SIGN_IDENTITY = "iPhone Developer";
				FRAMEWORK_SEARCH_PATHS = (
					"$(inherited)",
					"$(PROJECT_DIR)",
					"$(PROJECT_DIR)/Carthage/Build/iOS",
				);
				INFOPLIST_FILE = TrolleyTracker/Info.plist;
				IPHONEOS_DEPLOYMENT_TARGET = 8.0;
				LD_RUNPATH_SEARCH_PATHS = "$(inherited) @executable_path/Frameworks";
				PRODUCT_NAME = "$(TARGET_NAME)";
				PROVISIONING_PROFILE = "3069be3d-6966-4bc1-be6d-b8f3faae297e";
			};
			name = "Release Test";
		};
		D90867011B91E04B002A6F87 /* Release Test */ = {
			isa = XCBuildConfiguration;
			buildSettings = {
				BUNDLE_LOADER = "$(TEST_HOST)";
				FRAMEWORK_SEARCH_PATHS = (
					"$(SDKROOT)/Developer/Library/Frameworks",
					"$(inherited)",
				);
				INFOPLIST_FILE = TrolleyTrackerTests/Info.plist;
				LD_RUNPATH_SEARCH_PATHS = "$(inherited) @executable_path/Frameworks @loader_path/Frameworks";
				PRODUCT_NAME = "$(TARGET_NAME)";
				TEST_HOST = "$(BUILT_PRODUCTS_DIR)/TrolleyTracker.app/TrolleyTracker";
			};
			name = "Release Test";
		};
		EFA4B2131A1C201F00BEA42C /* Debug */ = {
			isa = XCBuildConfiguration;
			buildSettings = {
				ALWAYS_SEARCH_USER_PATHS = NO;
				BUNDLE_DISPLAY_NAME_SUFFIX = "";
				BUNDLE_ID_SUFFIX = "";
				CLANG_CXX_LANGUAGE_STANDARD = "gnu++0x";
				CLANG_CXX_LIBRARY = "libc++";
				CLANG_ENABLE_MODULES = YES;
				CLANG_ENABLE_OBJC_ARC = YES;
				CLANG_WARN_BOOL_CONVERSION = YES;
				CLANG_WARN_CONSTANT_CONVERSION = YES;
				CLANG_WARN_DIRECT_OBJC_ISA_USAGE = YES_ERROR;
				CLANG_WARN_EMPTY_BODY = YES;
				CLANG_WARN_ENUM_CONVERSION = YES;
				CLANG_WARN_INT_CONVERSION = YES;
				CLANG_WARN_OBJC_ROOT_CLASS = YES_ERROR;
				CLANG_WARN_UNREACHABLE_CODE = YES;
				CLANG_WARN__DUPLICATE_METHOD_MATCH = YES;
				"CODE_SIGN_IDENTITY[sdk=iphoneos*]" = "iPhone Developer";
				COPY_PHASE_STRIP = NO;
				ENABLE_STRICT_OBJC_MSGSEND = YES;
				GCC_C_LANGUAGE_STANDARD = gnu99;
				GCC_DYNAMIC_NO_PIC = NO;
				GCC_OPTIMIZATION_LEVEL = 0;
				GCC_PREPROCESSOR_DEFINITIONS = (
					"DEBUG=1",
					"$(inherited)",
				);
				GCC_SYMBOLS_PRIVATE_EXTERN = NO;
				GCC_WARN_64_TO_32_BIT_CONVERSION = YES;
				GCC_WARN_ABOUT_RETURN_TYPE = YES_ERROR;
				GCC_WARN_UNDECLARED_SELECTOR = YES;
				GCC_WARN_UNINITIALIZED_AUTOS = YES_AGGRESSIVE;
				GCC_WARN_UNUSED_FUNCTION = YES;
				GCC_WARN_UNUSED_VARIABLE = YES;
				IPHONEOS_DEPLOYMENT_TARGET = 8.1;
				MTL_ENABLE_DEBUG_INFO = YES;
				ONLY_ACTIVE_ARCH = YES;
				OTHER_SWIFT_FLAGS = "-DDEBUGGING";
				SDKROOT = iphoneos;
				SWIFT_OPTIMIZATION_LEVEL = "-Onone";
			};
			name = Debug;
		};
		EFA4B2141A1C201F00BEA42C /* Release */ = {
			isa = XCBuildConfiguration;
			buildSettings = {
				ALWAYS_SEARCH_USER_PATHS = NO;
				BUNDLE_DISPLAY_NAME_SUFFIX = "";
				BUNDLE_ID_SUFFIX = "";
				CLANG_CXX_LANGUAGE_STANDARD = "gnu++0x";
				CLANG_CXX_LIBRARY = "libc++";
				CLANG_ENABLE_MODULES = YES;
				CLANG_ENABLE_OBJC_ARC = YES;
				CLANG_WARN_BOOL_CONVERSION = YES;
				CLANG_WARN_CONSTANT_CONVERSION = YES;
				CLANG_WARN_DIRECT_OBJC_ISA_USAGE = YES_ERROR;
				CLANG_WARN_EMPTY_BODY = YES;
				CLANG_WARN_ENUM_CONVERSION = YES;
				CLANG_WARN_INT_CONVERSION = YES;
				CLANG_WARN_OBJC_ROOT_CLASS = YES_ERROR;
				CLANG_WARN_UNREACHABLE_CODE = YES;
				CLANG_WARN__DUPLICATE_METHOD_MATCH = YES;
				"CODE_SIGN_IDENTITY[sdk=iphoneos*]" = "iPhone Developer";
				COPY_PHASE_STRIP = YES;
				ENABLE_NS_ASSERTIONS = NO;
				ENABLE_STRICT_OBJC_MSGSEND = YES;
				GCC_C_LANGUAGE_STANDARD = gnu99;
				GCC_WARN_64_TO_32_BIT_CONVERSION = YES;
				GCC_WARN_ABOUT_RETURN_TYPE = YES_ERROR;
				GCC_WARN_UNDECLARED_SELECTOR = YES;
				GCC_WARN_UNINITIALIZED_AUTOS = YES_AGGRESSIVE;
				GCC_WARN_UNUSED_FUNCTION = YES;
				GCC_WARN_UNUSED_VARIABLE = YES;
				IPHONEOS_DEPLOYMENT_TARGET = 8.1;
				MTL_ENABLE_DEBUG_INFO = NO;
				SDKROOT = iphoneos;
				VALIDATE_PRODUCT = YES;
			};
			name = Release;
		};
		EFA4B2161A1C201F00BEA42C /* Debug */ = {
			isa = XCBuildConfiguration;
			buildSettings = {
				ASSETCATALOG_COMPILER_APPICON_NAME = AppIcon;
				CODE_SIGN_IDENTITY = "iPhone Developer";
				FRAMEWORK_SEARCH_PATHS = (
					"$(inherited)",
					"$(PROJECT_DIR)",
					"$(PROJECT_DIR)/Carthage/Build/iOS",
				);
				INFOPLIST_FILE = TrolleyTracker/Info.plist;
				IPHONEOS_DEPLOYMENT_TARGET = 8.0;
				LD_RUNPATH_SEARCH_PATHS = "$(inherited) @executable_path/Frameworks";
				PRODUCT_NAME = "$(TARGET_NAME)";
				PROVISIONING_PROFILE = "";
			};
			name = Debug;
		};
		EFA4B2171A1C201F00BEA42C /* Release */ = {
			isa = XCBuildConfiguration;
			buildSettings = {
				ASSETCATALOG_COMPILER_APPICON_NAME = AppIcon;
				CODE_SIGN_IDENTITY = "iPhone Distribution: Austin Younts (5SN74W2EB7)";
				FRAMEWORK_SEARCH_PATHS = (
					"$(inherited)",
					"$(PROJECT_DIR)",
					"$(PROJECT_DIR)/Carthage/Build/iOS",
				);
				INFOPLIST_FILE = TrolleyTracker/Info.plist;
				IPHONEOS_DEPLOYMENT_TARGET = 8.0;
				LD_RUNPATH_SEARCH_PATHS = "$(inherited) @executable_path/Frameworks";
				PRODUCT_NAME = "$(TARGET_NAME)";
				PROVISIONING_PROFILE = "e0df3dc7-5b59-4be3-b581-7597e172a8f8";
			};
			name = Release;
		};
		EFA4B2191A1C201F00BEA42C /* Debug */ = {
			isa = XCBuildConfiguration;
			buildSettings = {
				BUNDLE_LOADER = "$(TEST_HOST)";
				FRAMEWORK_SEARCH_PATHS = (
					"$(SDKROOT)/Developer/Library/Frameworks",
					"$(inherited)",
				);
				GCC_PREPROCESSOR_DEFINITIONS = (
					"DEBUG=1",
					"$(inherited)",
				);
				INFOPLIST_FILE = TrolleyTrackerTests/Info.plist;
				LD_RUNPATH_SEARCH_PATHS = "$(inherited) @executable_path/Frameworks @loader_path/Frameworks";
				PRODUCT_NAME = "$(TARGET_NAME)";
				TEST_HOST = "$(BUILT_PRODUCTS_DIR)/TrolleyTracker.app/TrolleyTracker";
			};
			name = Debug;
		};
		EFA4B21A1A1C201F00BEA42C /* Release */ = {
			isa = XCBuildConfiguration;
			buildSettings = {
				BUNDLE_LOADER = "$(TEST_HOST)";
				FRAMEWORK_SEARCH_PATHS = (
					"$(SDKROOT)/Developer/Library/Frameworks",
					"$(inherited)",
				);
				INFOPLIST_FILE = TrolleyTrackerTests/Info.plist;
				LD_RUNPATH_SEARCH_PATHS = "$(inherited) @executable_path/Frameworks @loader_path/Frameworks";
				PRODUCT_NAME = "$(TARGET_NAME)";
				TEST_HOST = "$(BUILT_PRODUCTS_DIR)/TrolleyTracker.app/TrolleyTracker";
			};
			name = Release;
		};
/* End XCBuildConfiguration section */

/* Begin XCConfigurationList section */
		EFA4B1F11A1C201F00BEA42C /* Build configuration list for PBXProject "TrolleyTracker" */ = {
			isa = XCConfigurationList;
			buildConfigurations = (
				EFA4B2131A1C201F00BEA42C /* Debug */,
				D90866FC1B91E041002A6F87 /* Debug Test */,
				EFA4B2141A1C201F00BEA42C /* Release */,
				D90866FF1B91E04B002A6F87 /* Release Test */,
			);
			defaultConfigurationIsVisible = 0;
			defaultConfigurationName = Release;
		};
		EFA4B2151A1C201F00BEA42C /* Build configuration list for PBXNativeTarget "TrolleyTracker" */ = {
			isa = XCConfigurationList;
			buildConfigurations = (
				EFA4B2161A1C201F00BEA42C /* Debug */,
				D90866FD1B91E041002A6F87 /* Debug Test */,
				EFA4B2171A1C201F00BEA42C /* Release */,
				D90867001B91E04B002A6F87 /* Release Test */,
			);
			defaultConfigurationIsVisible = 0;
			defaultConfigurationName = Release;
		};
		EFA4B2181A1C201F00BEA42C /* Build configuration list for PBXNativeTarget "TrolleyTrackerTests" */ = {
			isa = XCConfigurationList;
			buildConfigurations = (
				EFA4B2191A1C201F00BEA42C /* Debug */,
				D90866FE1B91E041002A6F87 /* Debug Test */,
				EFA4B21A1A1C201F00BEA42C /* Release */,
				D90867011B91E04B002A6F87 /* Release Test */,
			);
			defaultConfigurationIsVisible = 0;
			defaultConfigurationName = Release;
		};
/* End XCConfigurationList section */
	};
	rootObject = EFA4B1EE1A1C201F00BEA42C /* Project object */;
}
