// !$*UTF8*$!
{
	archiveVersion = 1;
	classes = {
	};
	objectVersion = 46;
	objects = {

/* Begin PBXBuildFile section */
		CA9CF4001E8B122D0045ED29 /* MapLayerCell.swift in Sources */ = {isa = PBXBuildFile; fileRef = CA9CF3FF1E8B122D0045ED29 /* MapLayerCell.swift */; };
		CA9CF4021E8B12E20045ED29 /* UIKitHelpers.swift in Sources */ = {isa = PBXBuildFile; fileRef = CA9CF4011E8B12E20045ED29 /* UIKitHelpers.swift */; };
		CA9CF4041E8B13620045ED29 /* MapLayerDataSource.swift in Sources */ = {isa = PBXBuildFile; fileRef = CA9CF4031E8B13620045ED29 /* MapLayerDataSource.swift */; };
		CA9CF4061E8B153E0045ED29 /* MapLayerViewController.swift in Sources */ = {isa = PBXBuildFile; fileRef = CA9CF4051E8B153E0045ED29 /* MapLayerViewController.swift */; };
		CA9CF4081E8BB8C90045ED29 /* MapLayersController.swift in Sources */ = {isa = PBXBuildFile; fileRef = CA9CF4071E8BB8C90045ED29 /* MapLayersController.swift */; };
		CA9CF50E1E8BBFD50045ED29 /* Array+Unbox.swift in Sources */ = {isa = PBXBuildFile; fileRef = CA9CF4E41E8BBFD50045ED29 /* Array+Unbox.swift */; };
		CA9CF50F1E8BBFD50045ED29 /* Bool+Unbox.swift in Sources */ = {isa = PBXBuildFile; fileRef = CA9CF4E51E8BBFD50045ED29 /* Bool+Unbox.swift */; };
		CA9CF5101E8BBFD50045ED29 /* CGFloat+Unbox.swift in Sources */ = {isa = PBXBuildFile; fileRef = CA9CF4E61E8BBFD50045ED29 /* CGFloat+Unbox.swift */; };
		CA9CF5111E8BBFD50045ED29 /* Data+Unbox.swift in Sources */ = {isa = PBXBuildFile; fileRef = CA9CF4E71E8BBFD50045ED29 /* Data+Unbox.swift */; };
		CA9CF5121E8BBFD50045ED29 /* DateFormatter+Unbox.swift in Sources */ = {isa = PBXBuildFile; fileRef = CA9CF4E81E8BBFD50045ED29 /* DateFormatter+Unbox.swift */; };
		CA9CF5131E8BBFD50045ED29 /* Decimal+Unbox.swift in Sources */ = {isa = PBXBuildFile; fileRef = CA9CF4E91E8BBFD50045ED29 /* Decimal+Unbox.swift */; };
		CA9CF5141E8BBFD50045ED29 /* Dictionary+Unbox.swift in Sources */ = {isa = PBXBuildFile; fileRef = CA9CF4EA1E8BBFD50045ED29 /* Dictionary+Unbox.swift */; };
		CA9CF5151E8BBFD50045ED29 /* Double+Unbox.swift in Sources */ = {isa = PBXBuildFile; fileRef = CA9CF4EB1E8BBFD50045ED29 /* Double+Unbox.swift */; };
		CA9CF5161E8BBFD50045ED29 /* Float+Unbox.swift in Sources */ = {isa = PBXBuildFile; fileRef = CA9CF4EC1E8BBFD50045ED29 /* Float+Unbox.swift */; };
		CA9CF5171E8BBFD50045ED29 /* Int+Unbox.swift in Sources */ = {isa = PBXBuildFile; fileRef = CA9CF4ED1E8BBFD50045ED29 /* Int+Unbox.swift */; };
		CA9CF5181E8BBFD50045ED29 /* Int32+Unbox.swift in Sources */ = {isa = PBXBuildFile; fileRef = CA9CF4EE1E8BBFD50045ED29 /* Int32+Unbox.swift */; };
		CA9CF5191E8BBFD50045ED29 /* Int64+Unbox.swift in Sources */ = {isa = PBXBuildFile; fileRef = CA9CF4EF1E8BBFD50045ED29 /* Int64+Unbox.swift */; };
		CA9CF51A1E8BBFD50045ED29 /* JSONSerialization+Unbox.swift in Sources */ = {isa = PBXBuildFile; fileRef = CA9CF4F01E8BBFD50045ED29 /* JSONSerialization+Unbox.swift */; };
		CA9CF51B1E8BBFD50045ED29 /* NSArray+Unbox.swift in Sources */ = {isa = PBXBuildFile; fileRef = CA9CF4F11E8BBFD50045ED29 /* NSArray+Unbox.swift */; };
		CA9CF51C1E8BBFD50045ED29 /* NSDictionary+Unbox.swift in Sources */ = {isa = PBXBuildFile; fileRef = CA9CF4F21E8BBFD50045ED29 /* NSDictionary+Unbox.swift */; };
		CA9CF51D1E8BBFD50045ED29 /* Optional+Unbox.swift in Sources */ = {isa = PBXBuildFile; fileRef = CA9CF4F31E8BBFD50045ED29 /* Optional+Unbox.swift */; };
		CA9CF51E1E8BBFD50045ED29 /* Sequence+Unbox.swift in Sources */ = {isa = PBXBuildFile; fileRef = CA9CF4F41E8BBFD50045ED29 /* Sequence+Unbox.swift */; };
		CA9CF51F1E8BBFD50045ED29 /* Set+Unbox.swift in Sources */ = {isa = PBXBuildFile; fileRef = CA9CF4F51E8BBFD50045ED29 /* Set+Unbox.swift */; };
		CA9CF5201E8BBFD50045ED29 /* String+Unbox.swift in Sources */ = {isa = PBXBuildFile; fileRef = CA9CF4F61E8BBFD50045ED29 /* String+Unbox.swift */; };
		CA9CF5211E8BBFD50045ED29 /* Typealiases.swift in Sources */ = {isa = PBXBuildFile; fileRef = CA9CF4F71E8BBFD50045ED29 /* Typealiases.swift */; };
		CA9CF5221E8BBFD50045ED29 /* UInt+Unbox.swift in Sources */ = {isa = PBXBuildFile; fileRef = CA9CF4F81E8BBFD50045ED29 /* UInt+Unbox.swift */; };
		CA9CF5231E8BBFD50045ED29 /* UInt32+Unbox.swift in Sources */ = {isa = PBXBuildFile; fileRef = CA9CF4F91E8BBFD50045ED29 /* UInt32+Unbox.swift */; };
		CA9CF5241E8BBFD50045ED29 /* UInt64+Unbox.swift in Sources */ = {isa = PBXBuildFile; fileRef = CA9CF4FA1E8BBFD50045ED29 /* UInt64+Unbox.swift */; };
		CA9CF5251E8BBFD50045ED29 /* Unbox.swift in Sources */ = {isa = PBXBuildFile; fileRef = CA9CF4FB1E8BBFD50045ED29 /* Unbox.swift */; };
		CA9CF5261E8BBFD50045ED29 /* Unboxable.swift in Sources */ = {isa = PBXBuildFile; fileRef = CA9CF4FC1E8BBFD50045ED29 /* Unboxable.swift */; };
		CA9CF5271E8BBFD50045ED29 /* UnboxableByTransform.swift in Sources */ = {isa = PBXBuildFile; fileRef = CA9CF4FD1E8BBFD50045ED29 /* UnboxableByTransform.swift */; };
		CA9CF5281E8BBFD50045ED29 /* UnboxableCollection.swift in Sources */ = {isa = PBXBuildFile; fileRef = CA9CF4FE1E8BBFD50045ED29 /* UnboxableCollection.swift */; };
		CA9CF5291E8BBFD50045ED29 /* UnboxableEnum.swift in Sources */ = {isa = PBXBuildFile; fileRef = CA9CF4FF1E8BBFD50045ED29 /* UnboxableEnum.swift */; };
		CA9CF52A1E8BBFD50045ED29 /* UnboxableKey.swift in Sources */ = {isa = PBXBuildFile; fileRef = CA9CF5001E8BBFD50045ED29 /* UnboxableKey.swift */; };
		CA9CF52B1E8BBFD50045ED29 /* UnboxableRawType.swift in Sources */ = {isa = PBXBuildFile; fileRef = CA9CF5011E8BBFD50045ED29 /* UnboxableRawType.swift */; };
		CA9CF52C1E8BBFD50045ED29 /* UnboxableWithContext.swift in Sources */ = {isa = PBXBuildFile; fileRef = CA9CF5021E8BBFD50045ED29 /* UnboxableWithContext.swift */; };
		CA9CF52D1E8BBFD50045ED29 /* UnboxArrayContainer.swift in Sources */ = {isa = PBXBuildFile; fileRef = CA9CF5031E8BBFD50045ED29 /* UnboxArrayContainer.swift */; };
		CA9CF52E1E8BBFD50045ED29 /* UnboxCollectionElementTransformer.swift in Sources */ = {isa = PBXBuildFile; fileRef = CA9CF5041E8BBFD50045ED29 /* UnboxCollectionElementTransformer.swift */; };
		CA9CF52F1E8BBFD50045ED29 /* UnboxCompatible.swift in Sources */ = {isa = PBXBuildFile; fileRef = CA9CF5051E8BBFD50045ED29 /* UnboxCompatible.swift */; };
		CA9CF5301E8BBFD50045ED29 /* UnboxContainer.swift in Sources */ = {isa = PBXBuildFile; fileRef = CA9CF5061E8BBFD50045ED29 /* UnboxContainer.swift */; };
		CA9CF5311E8BBFD50045ED29 /* Unboxer.swift in Sources */ = {isa = PBXBuildFile; fileRef = CA9CF5071E8BBFD50045ED29 /* Unboxer.swift */; };
		CA9CF5321E8BBFD50045ED29 /* UnboxError.swift in Sources */ = {isa = PBXBuildFile; fileRef = CA9CF5081E8BBFD50045ED29 /* UnboxError.swift */; };
		CA9CF5331E8BBFD50045ED29 /* UnboxFormatter.swift in Sources */ = {isa = PBXBuildFile; fileRef = CA9CF5091E8BBFD50045ED29 /* UnboxFormatter.swift */; };
		CA9CF5341E8BBFD50045ED29 /* UnboxPath.swift in Sources */ = {isa = PBXBuildFile; fileRef = CA9CF50A1E8BBFD50045ED29 /* UnboxPath.swift */; };
		CA9CF5351E8BBFD50045ED29 /* UnboxPathError.swift in Sources */ = {isa = PBXBuildFile; fileRef = CA9CF50B1E8BBFD50045ED29 /* UnboxPathError.swift */; };
		CA9CF5361E8BBFD50045ED29 /* UnboxPathNode.swift in Sources */ = {isa = PBXBuildFile; fileRef = CA9CF50C1E8BBFD50045ED29 /* UnboxPathNode.swift */; };
		CA9CF5371E8BBFD50045ED29 /* URL+Unbox.swift in Sources */ = {isa = PBXBuildFile; fileRef = CA9CF50D1E8BBFD50045ED29 /* URL+Unbox.swift */; };
		D9019DAD1E526F0000D9E197 /* trolleyMock.json in Resources */ = {isa = PBXBuildFile; fileRef = D9019DAC1E526F0000D9E197 /* trolleyMock.json */; };
		D9019DB51E5277DB00D9E197 /* TrolleyTrackerUITests.swift in Sources */ = {isa = PBXBuildFile; fileRef = D9019DB41E5277DB00D9E197 /* TrolleyTrackerUITests.swift */; };
		D90866F01B91292F002A6F87 /* TrolleyAnnotationView.swift in Sources */ = {isa = PBXBuildFile; fileRef = D90866EF1B91292F002A6F87 /* TrolleyAnnotationView.swift */; };
		D90866F41B91C79F002A6F87 /* Montserrat-Bold.ttf in Resources */ = {isa = PBXBuildFile; fileRef = D90866F21B91C633002A6F87 /* Montserrat-Bold.ttf */; };
		D90866F71B91C8B8002A6F87 /* UIFont+TrolleyTracker.swift in Sources */ = {isa = PBXBuildFile; fileRef = D90866F61B91C8B8002A6F87 /* UIFont+TrolleyTracker.swift */; };
		D90866FB1B91D519002A6F87 /* String+TrolleyTracker.swift in Sources */ = {isa = PBXBuildFile; fileRef = D90866FA1B91D519002A6F87 /* String+TrolleyTracker.swift */; };
		D90867031B91F4D9002A6F87 /* EnvironmentVariables.swift in Sources */ = {isa = PBXBuildFile; fileRef = D90867021B91F4D9002A6F87 /* EnvironmentVariables.swift */; };
		D908670F1B921229002A6F87 /* TrolleyStopAnnotationView.swift in Sources */ = {isa = PBXBuildFile; fileRef = D908670E1B921229002A6F87 /* TrolleyStopAnnotationView.swift */; };
		D90867111B921431002A6F87 /* UIView+TrolleyTracker.swift in Sources */ = {isa = PBXBuildFile; fileRef = D90867101B921431002A6F87 /* UIView+TrolleyTracker.swift */; };
		D914FADE1B30DEF0002DACF8 /* UserLocationService.swift in Sources */ = {isa = PBXBuildFile; fileRef = D914FADD1B30DEF0002DACF8 /* UserLocationService.swift */; };
		D914FAE01B30DEFE002DACF8 /* TrolleyRouteService.swift in Sources */ = {isa = PBXBuildFile; fileRef = D914FADF1B30DEFE002DACF8 /* TrolleyRouteService.swift */; };
		D914FAE21B30DF14002DACF8 /* TrolleyLocationService.swift in Sources */ = {isa = PBXBuildFile; fileRef = D914FAE11B30DF14002DACF8 /* TrolleyLocationService.swift */; };
		D914FAE41B30DFA8002DACF8 /* Trolley.swift in Sources */ = {isa = PBXBuildFile; fileRef = D914FAE31B30DFA8002DACF8 /* Trolley.swift */; };
		D914FAE61B30DFC0002DACF8 /* TrolleyStop.swift in Sources */ = {isa = PBXBuildFile; fileRef = D914FAE51B30DFC0002DACF8 /* TrolleyStop.swift */; };
		D914FAFC1B30EA84002DACF8 /* ObserverSet.swift in Sources */ = {isa = PBXBuildFile; fileRef = D914FAFB1B30EA84002DACF8 /* ObserverSet.swift */; };
		D92876CB1BCB0CE5003333EA /* SettingsDataSource.swift in Sources */ = {isa = PBXBuildFile; fileRef = D92876CA1BCB0CE5003333EA /* SettingsDataSource.swift */; };
		D92876CD1BCB21EE003333EA /* Main.storyboard in Resources */ = {isa = PBXBuildFile; fileRef = D92876CC1BCB21EE003333EA /* Main.storyboard */; };
		D92876CF1BCB3737003333EA /* MapViewDelegate.swift in Sources */ = {isa = PBXBuildFile; fileRef = D92876CE1BCB3737003333EA /* MapViewDelegate.swift */; };
		D92876D11BCB3A53003333EA /* ScheduleViewController.swift in Sources */ = {isa = PBXBuildFile; fileRef = D92876D01BCB3A53003333EA /* ScheduleViewController.swift */; };
		D92876D31BCB3A67003333EA /* TrolleyScheduleService.swift in Sources */ = {isa = PBXBuildFile; fileRef = D92876D21BCB3A67003333EA /* TrolleyScheduleService.swift */; };
		D92876D51BCC89BE003333EA /* Schedule.swift in Sources */ = {isa = PBXBuildFile; fileRef = D92876D41BCC89BE003333EA /* Schedule.swift */; };
		D92876D71BCD05A1003333EA /* ScheduleOperations.swift in Sources */ = {isa = PBXBuildFile; fileRef = D92876D61BCD05A1003333EA /* ScheduleOperations.swift */; };
		D93FD09E1C78FDE20089CDBE /* Schedule.storyboard in Resources */ = {isa = PBXBuildFile; fileRef = D93FD09D1C78FDE20089CDBE /* Schedule.storyboard */; };
		D93FD0A01C78FED60089CDBE /* RouteDetailViewController.swift in Sources */ = {isa = PBXBuildFile; fileRef = D93FD09F1C78FED60089CDBE /* RouteDetailViewController.swift */; };
		D93FD0BB1C79D04D0089CDBE /* More.storyboard in Resources */ = {isa = PBXBuildFile; fileRef = D93FD0BA1C79D04D0089CDBE /* More.storyboard */; };
		D95A65911D6D050B002CE650 /* Fabric.framework in Frameworks */ = {isa = PBXBuildFile; fileRef = D95A658F1D6D050B002CE650 /* Fabric.framework */; };
		D95A65921D6D050B002CE650 /* Crashlytics.framework in Frameworks */ = {isa = PBXBuildFile; fileRef = D95A65901D6D050B002CE650 /* Crashlytics.framework */; };
		D95DAFC51B7F60EE00BBC906 /* TrolleyRequests.swift in Sources */ = {isa = PBXBuildFile; fileRef = D95DAFC41B7F60EE00BBC906 /* TrolleyRequests.swift */; };
		D95EF7671B87302F009B5779 /* TrolleyRouteOverlay.swift in Sources */ = {isa = PBXBuildFile; fileRef = D95EF7661B87302F009B5779 /* TrolleyRouteOverlay.swift */; };
		D95EF76C1B889B00009B5779 /* UIImage+TrolleyTracker.swift in Sources */ = {isa = PBXBuildFile; fileRef = D95EF76B1B889B00009B5779 /* UIImage+TrolleyTracker.swift */; };
		D9617EEA1BDDA1C800FF86CD /* ScheduleViewController+SortByDay.swift in Sources */ = {isa = PBXBuildFile; fileRef = D9617EE91BDDA1C800FF86CD /* ScheduleViewController+SortByDay.swift */; };
		D9617EEE1BDDA37A00FF86CD /* ScheduleViewController+SortByRoute.swift in Sources */ = {isa = PBXBuildFile; fileRef = D9617EED1BDDA37A00FF86CD /* ScheduleViewController+SortByRoute.swift */; };
		D9617EF21BDDC60700FF86CD /* AlertControllerColor.swift in Sources */ = {isa = PBXBuildFile; fileRef = D9617EF11BDDC60700FF86CD /* AlertControllerColor.swift */; };
		D9617EF41BDF0A1600FF86CD /* UIViewController+Appearance.swift in Sources */ = {isa = PBXBuildFile; fileRef = D9617EF31BDF0A1600FF86CD /* UIViewController+Appearance.swift */; };
		D9617EF71BDF84F400FF86CD /* ScheduleViewCell.swift in Sources */ = {isa = PBXBuildFile; fileRef = D9617EF61BDF84F400FF86CD /* ScheduleViewCell.swift */; };
		D9617EF91BE02B9200FF86CD /* ScheduleDisplayModels.swift in Sources */ = {isa = PBXBuildFile; fileRef = D9617EF81BE02B9200FF86CD /* ScheduleDisplayModels.swift */; };
		D9617EFB1BE0573100FF86CD /* ScheduleHeaderView.swift in Sources */ = {isa = PBXBuildFile; fileRef = D9617EFA1BE0573100FF86CD /* ScheduleHeaderView.swift */; };
		D9617EFD1BE0634A00FF86CD /* AttributionViewController.swift in Sources */ = {isa = PBXBuildFile; fileRef = D9617EFC1BE0634A00FF86CD /* AttributionViewController.swift */; };
		D9617EFF1BE0D61600FF86CD /* AboutViewController.swift in Sources */ = {isa = PBXBuildFile; fileRef = D9617EFE1BE0D61600FF86CD /* AboutViewController.swift */; };
		D9650C9A1B8559EA0004A2AF /* TrolleyRoute.swift in Sources */ = {isa = PBXBuildFile; fileRef = D9650C991B8559EA0004A2AF /* TrolleyRoute.swift */; };
		D9650CA41B86A9F10004A2AF /* UIColor+TrolleyTracker.swift in Sources */ = {isa = PBXBuildFile; fileRef = D9650CA31B86A9F10004A2AF /* UIColor+TrolleyTracker.swift */; };
		D97055BB1BD6FB25002B9A8B /* Box.swift in Sources */ = {isa = PBXBuildFile; fileRef = D97055BA1BD6FB25002B9A8B /* Box.swift */; };
		D97055BE1BD70753002B9A8B /* HeadingLabel.swift in Sources */ = {isa = PBXBuildFile; fileRef = D97055BD1BD70753002B9A8B /* HeadingLabel.swift */; };
		D97055C01BD7077B002B9A8B /* BodyLabel.swift in Sources */ = {isa = PBXBuildFile; fileRef = D97055BF1BD7077B002B9A8B /* BodyLabel.swift */; };
		D97055C21BD7078E002B9A8B /* SpacerView.swift in Sources */ = {isa = PBXBuildFile; fileRef = D97055C11BD7078E002B9A8B /* SpacerView.swift */; };
		D97A7F0E1BE194F200B40766 /* TrolleyRouteServiceFake.swift in Sources */ = {isa = PBXBuildFile; fileRef = D97A7F0D1BE194F200B40766 /* TrolleyRouteServiceFake.swift */; };
		D97A7F101BE1960E00B40766 /* TrolleyServiceProtocols.swift in Sources */ = {isa = PBXBuildFile; fileRef = D97A7F0F1BE1960E00B40766 /* TrolleyServiceProtocols.swift */; };
		D97A7F121BE197AD00B40766 /* TrolleyLocationServiceFake.swift in Sources */ = {isa = PBXBuildFile; fileRef = D97A7F111BE197AD00B40766 /* TrolleyLocationServiceFake.swift */; };
		D98715411B8A7D8200489594 /* TimeAndDistanceService.swift in Sources */ = {isa = PBXBuildFile; fileRef = D98715401B8A7D8200489594 /* TimeAndDistanceService.swift */; };
		D98715471B8A7DDC00489594 /* ConcurrentOperation.swift in Sources */ = {isa = PBXBuildFile; fileRef = D98715461B8A7DDC00489594 /* ConcurrentOperation.swift */; };
		D98715491B8A7E0C00489594 /* GetETAOperation.swift in Sources */ = {isa = PBXBuildFile; fileRef = D98715481B8A7E0C00489594 /* GetETAOperation.swift */; };
		D98CF6521E827982005048FF /* MapViewHelpers.swift in Sources */ = {isa = PBXBuildFile; fileRef = D98CF6511E827982005048FF /* MapViewHelpers.swift */; };
		D98CF6561E827D61005048FF /* ApplicationController.swift in Sources */ = {isa = PBXBuildFile; fileRef = D98CF6551E827D61005048FF /* ApplicationController.swift */; };
		D98CF6591E827E12005048FF /* ViewControllerInitialization.swift in Sources */ = {isa = PBXBuildFile; fileRef = D98CF6581E827E12005048FF /* ViewControllerInitialization.swift */; };
		D98CF65D1E83C3AF005048FF /* Formatters.swift in Sources */ = {isa = PBXBuildFile; fileRef = D98CF65C1E83C3AF005048FF /* Formatters.swift */; };
		D98CF65F1E83C4B2005048FF /* GeographyHelpers.swift in Sources */ = {isa = PBXBuildFile; fileRef = D98CF65E1E83C4B2005048FF /* GeographyHelpers.swift */; };
		D99B71561E87D6D800F36E55 /* RouteFetchOperations.swift in Sources */ = {isa = PBXBuildFile; fileRef = D99B71551E87D6D800F36E55 /* RouteFetchOperations.swift */; };
		D9CFDB341E528A8A0056AB01 /* SwiftyJSON.swift in Sources */ = {isa = PBXBuildFile; fileRef = D9CFDB331E528A8A0056AB01 /* SwiftyJSON.swift */; };
		D9CFDB461E528A940056AB01 /* AFError.swift in Sources */ = {isa = PBXBuildFile; fileRef = D9CFDB351E528A940056AB01 /* AFError.swift */; };
		D9CFDB471E528A940056AB01 /* Alamofire.swift in Sources */ = {isa = PBXBuildFile; fileRef = D9CFDB361E528A940056AB01 /* Alamofire.swift */; };
		D9CFDB481E528A940056AB01 /* DispatchQueue+Alamofire.swift in Sources */ = {isa = PBXBuildFile; fileRef = D9CFDB371E528A940056AB01 /* DispatchQueue+Alamofire.swift */; };
		D9CFDB491E528A940056AB01 /* MultipartFormData.swift in Sources */ = {isa = PBXBuildFile; fileRef = D9CFDB381E528A940056AB01 /* MultipartFormData.swift */; };
		D9CFDB4A1E528A940056AB01 /* NetworkReachabilityManager.swift in Sources */ = {isa = PBXBuildFile; fileRef = D9CFDB391E528A940056AB01 /* NetworkReachabilityManager.swift */; };
		D9CFDB4B1E528A940056AB01 /* Notifications.swift in Sources */ = {isa = PBXBuildFile; fileRef = D9CFDB3A1E528A940056AB01 /* Notifications.swift */; };
		D9CFDB4C1E528A940056AB01 /* ParameterEncoding.swift in Sources */ = {isa = PBXBuildFile; fileRef = D9CFDB3B1E528A940056AB01 /* ParameterEncoding.swift */; };
		D9CFDB4D1E528A940056AB01 /* Request.swift in Sources */ = {isa = PBXBuildFile; fileRef = D9CFDB3C1E528A940056AB01 /* Request.swift */; };
		D9CFDB4E1E528A940056AB01 /* Response.swift in Sources */ = {isa = PBXBuildFile; fileRef = D9CFDB3D1E528A940056AB01 /* Response.swift */; };
		D9CFDB4F1E528A940056AB01 /* ResponseSerialization.swift in Sources */ = {isa = PBXBuildFile; fileRef = D9CFDB3E1E528A940056AB01 /* ResponseSerialization.swift */; };
		D9CFDB501E528A940056AB01 /* Result.swift in Sources */ = {isa = PBXBuildFile; fileRef = D9CFDB3F1E528A940056AB01 /* Result.swift */; };
		D9CFDB511E528A940056AB01 /* ServerTrustPolicy.swift in Sources */ = {isa = PBXBuildFile; fileRef = D9CFDB401E528A940056AB01 /* ServerTrustPolicy.swift */; };
		D9CFDB521E528A940056AB01 /* SessionDelegate.swift in Sources */ = {isa = PBXBuildFile; fileRef = D9CFDB411E528A940056AB01 /* SessionDelegate.swift */; };
		D9CFDB531E528A940056AB01 /* SessionManager.swift in Sources */ = {isa = PBXBuildFile; fileRef = D9CFDB421E528A940056AB01 /* SessionManager.swift */; };
		D9CFDB541E528A940056AB01 /* TaskDelegate.swift in Sources */ = {isa = PBXBuildFile; fileRef = D9CFDB431E528A940056AB01 /* TaskDelegate.swift */; };
		D9CFDB551E528A940056AB01 /* Timeline.swift in Sources */ = {isa = PBXBuildFile; fileRef = D9CFDB441E528A940056AB01 /* Timeline.swift */; };
		D9CFDB561E528A940056AB01 /* Validation.swift in Sources */ = {isa = PBXBuildFile; fileRef = D9CFDB451E528A940056AB01 /* Validation.swift */; };
		D9E240491BDBCACB00F16CF8 /* SubHeadingLabel.swift in Sources */ = {isa = PBXBuildFile; fileRef = D9E240481BDBCACB00F16CF8 /* SubHeadingLabel.swift */; };
		D9E83ACC1E52796400E9D799 /* SnapshotHelper.swift in Sources */ = {isa = PBXBuildFile; fileRef = D9E83ACB1E52796400E9D799 /* SnapshotHelper.swift */; };
		D9FA570F1E8A6A0100178214 /* MapLayersListViewController.swift in Sources */ = {isa = PBXBuildFile; fileRef = D9FA570E1E8A6A0100178214 /* MapLayersListViewController.swift */; };
		D9FA57111E8A6A3500178214 /* StoryboardHelpers.swift in Sources */ = {isa = PBXBuildFile; fileRef = D9FA57101E8A6A3500178214 /* StoryboardHelpers.swift */; };
		E71A678A1B30DCD30036FE10 /* MapViewController.swift in Sources */ = {isa = PBXBuildFile; fileRef = E71A67891B30DCD30036FE10 /* MapViewController.swift */; };
		E71A678C1B30DCE60036FE10 /* DetailViewController.swift in Sources */ = {isa = PBXBuildFile; fileRef = E71A678B1B30DCE60036FE10 /* DetailViewController.swift */; };
		E71A678E1B30DCEF0036FE10 /* SettingsViewController.swift in Sources */ = {isa = PBXBuildFile; fileRef = E71A678D1B30DCEF0036FE10 /* SettingsViewController.swift */; };
		EFA4B1FC1A1C201F00BEA42C /* AppDelegate.swift in Sources */ = {isa = PBXBuildFile; fileRef = EFA4B1FB1A1C201F00BEA42C /* AppDelegate.swift */; };
		EFA4B2031A1C201F00BEA42C /* Images.xcassets in Resources */ = {isa = PBXBuildFile; fileRef = EFA4B2021A1C201F00BEA42C /* Images.xcassets */; };
		EFA4B2061A1C201F00BEA42C /* LaunchScreen.xib in Resources */ = {isa = PBXBuildFile; fileRef = EFA4B2041A1C201F00BEA42C /* LaunchScreen.xib */; };
		EFA4B2121A1C201F00BEA42C /* TrolleyTrackerTests.swift in Sources */ = {isa = PBXBuildFile; fileRef = EFA4B2111A1C201F00BEA42C /* TrolleyTrackerTests.swift */; };
/* End PBXBuildFile section */

/* Begin PBXContainerItemProxy section */
		D9019DB71E5277DB00D9E197 /* PBXContainerItemProxy */ = {
			isa = PBXContainerItemProxy;
			containerPortal = EFA4B1EE1A1C201F00BEA42C /* Project object */;
			proxyType = 1;
			remoteGlobalIDString = EFA4B1F51A1C201F00BEA42C;
			remoteInfo = TrolleyTracker;
		};
		EFA4B20C1A1C201F00BEA42C /* PBXContainerItemProxy */ = {
			isa = PBXContainerItemProxy;
			containerPortal = EFA4B1EE1A1C201F00BEA42C /* Project object */;
			proxyType = 1;
			remoteGlobalIDString = EFA4B1F51A1C201F00BEA42C;
			remoteInfo = TrolleyTracker;
		};
/* End PBXContainerItemProxy section */

/* Begin PBXCopyFilesBuildPhase section */
		D93FD0B11C7934DF0089CDBE /* CopyFiles */ = {
			isa = PBXCopyFilesBuildPhase;
			buildActionMask = 2147483647;
			dstPath = "";
			dstSubfolderSpec = 10;
			files = (
			);
			runOnlyForDeploymentPostprocessing = 0;
		};
		D95DAFDA1B7FF92B00BBC906 /* Embed Frameworks */ = {
			isa = PBXCopyFilesBuildPhase;
			buildActionMask = 8;
			dstPath = "";
			dstSubfolderSpec = 10;
			files = (
			);
			name = "Embed Frameworks";
			runOnlyForDeploymentPostprocessing = 1;
		};
/* End PBXCopyFilesBuildPhase section */

/* Begin PBXFileReference section */
		CA9CF3FF1E8B122D0045ED29 /* MapLayerCell.swift */ = {isa = PBXFileReference; fileEncoding = 4; lastKnownFileType = sourcecode.swift; path = MapLayerCell.swift; sourceTree = "<group>"; };
		CA9CF4011E8B12E20045ED29 /* UIKitHelpers.swift */ = {isa = PBXFileReference; fileEncoding = 4; lastKnownFileType = sourcecode.swift; path = UIKitHelpers.swift; sourceTree = "<group>"; };
		CA9CF4031E8B13620045ED29 /* MapLayerDataSource.swift */ = {isa = PBXFileReference; fileEncoding = 4; lastKnownFileType = sourcecode.swift; path = MapLayerDataSource.swift; sourceTree = "<group>"; };
		CA9CF4051E8B153E0045ED29 /* MapLayerViewController.swift */ = {isa = PBXFileReference; fileEncoding = 4; lastKnownFileType = sourcecode.swift; path = MapLayerViewController.swift; sourceTree = "<group>"; };
		CA9CF4071E8BB8C90045ED29 /* MapLayersController.swift */ = {isa = PBXFileReference; fileEncoding = 4; lastKnownFileType = sourcecode.swift; path = MapLayersController.swift; sourceTree = "<group>"; };
		CA9CF4E41E8BBFD50045ED29 /* Array+Unbox.swift */ = {isa = PBXFileReference; fileEncoding = 4; lastKnownFileType = sourcecode.swift; path = "Array+Unbox.swift"; sourceTree = "<group>"; };
		CA9CF4E51E8BBFD50045ED29 /* Bool+Unbox.swift */ = {isa = PBXFileReference; fileEncoding = 4; lastKnownFileType = sourcecode.swift; path = "Bool+Unbox.swift"; sourceTree = "<group>"; };
		CA9CF4E61E8BBFD50045ED29 /* CGFloat+Unbox.swift */ = {isa = PBXFileReference; fileEncoding = 4; lastKnownFileType = sourcecode.swift; path = "CGFloat+Unbox.swift"; sourceTree = "<group>"; };
		CA9CF4E71E8BBFD50045ED29 /* Data+Unbox.swift */ = {isa = PBXFileReference; fileEncoding = 4; lastKnownFileType = sourcecode.swift; path = "Data+Unbox.swift"; sourceTree = "<group>"; };
		CA9CF4E81E8BBFD50045ED29 /* DateFormatter+Unbox.swift */ = {isa = PBXFileReference; fileEncoding = 4; lastKnownFileType = sourcecode.swift; path = "DateFormatter+Unbox.swift"; sourceTree = "<group>"; };
		CA9CF4E91E8BBFD50045ED29 /* Decimal+Unbox.swift */ = {isa = PBXFileReference; fileEncoding = 4; lastKnownFileType = sourcecode.swift; path = "Decimal+Unbox.swift"; sourceTree = "<group>"; };
		CA9CF4EA1E8BBFD50045ED29 /* Dictionary+Unbox.swift */ = {isa = PBXFileReference; fileEncoding = 4; lastKnownFileType = sourcecode.swift; path = "Dictionary+Unbox.swift"; sourceTree = "<group>"; };
		CA9CF4EB1E8BBFD50045ED29 /* Double+Unbox.swift */ = {isa = PBXFileReference; fileEncoding = 4; lastKnownFileType = sourcecode.swift; path = "Double+Unbox.swift"; sourceTree = "<group>"; };
		CA9CF4EC1E8BBFD50045ED29 /* Float+Unbox.swift */ = {isa = PBXFileReference; fileEncoding = 4; lastKnownFileType = sourcecode.swift; path = "Float+Unbox.swift"; sourceTree = "<group>"; };
		CA9CF4ED1E8BBFD50045ED29 /* Int+Unbox.swift */ = {isa = PBXFileReference; fileEncoding = 4; lastKnownFileType = sourcecode.swift; path = "Int+Unbox.swift"; sourceTree = "<group>"; };
		CA9CF4EE1E8BBFD50045ED29 /* Int32+Unbox.swift */ = {isa = PBXFileReference; fileEncoding = 4; lastKnownFileType = sourcecode.swift; path = "Int32+Unbox.swift"; sourceTree = "<group>"; };
		CA9CF4EF1E8BBFD50045ED29 /* Int64+Unbox.swift */ = {isa = PBXFileReference; fileEncoding = 4; lastKnownFileType = sourcecode.swift; path = "Int64+Unbox.swift"; sourceTree = "<group>"; };
		CA9CF4F01E8BBFD50045ED29 /* JSONSerialization+Unbox.swift */ = {isa = PBXFileReference; fileEncoding = 4; lastKnownFileType = sourcecode.swift; path = "JSONSerialization+Unbox.swift"; sourceTree = "<group>"; };
		CA9CF4F11E8BBFD50045ED29 /* NSArray+Unbox.swift */ = {isa = PBXFileReference; fileEncoding = 4; lastKnownFileType = sourcecode.swift; path = "NSArray+Unbox.swift"; sourceTree = "<group>"; };
		CA9CF4F21E8BBFD50045ED29 /* NSDictionary+Unbox.swift */ = {isa = PBXFileReference; fileEncoding = 4; lastKnownFileType = sourcecode.swift; path = "NSDictionary+Unbox.swift"; sourceTree = "<group>"; };
		CA9CF4F31E8BBFD50045ED29 /* Optional+Unbox.swift */ = {isa = PBXFileReference; fileEncoding = 4; lastKnownFileType = sourcecode.swift; path = "Optional+Unbox.swift"; sourceTree = "<group>"; };
		CA9CF4F41E8BBFD50045ED29 /* Sequence+Unbox.swift */ = {isa = PBXFileReference; fileEncoding = 4; lastKnownFileType = sourcecode.swift; path = "Sequence+Unbox.swift"; sourceTree = "<group>"; };
		CA9CF4F51E8BBFD50045ED29 /* Set+Unbox.swift */ = {isa = PBXFileReference; fileEncoding = 4; lastKnownFileType = sourcecode.swift; path = "Set+Unbox.swift"; sourceTree = "<group>"; };
		CA9CF4F61E8BBFD50045ED29 /* String+Unbox.swift */ = {isa = PBXFileReference; fileEncoding = 4; lastKnownFileType = sourcecode.swift; path = "String+Unbox.swift"; sourceTree = "<group>"; };
		CA9CF4F71E8BBFD50045ED29 /* Typealiases.swift */ = {isa = PBXFileReference; fileEncoding = 4; lastKnownFileType = sourcecode.swift; path = Typealiases.swift; sourceTree = "<group>"; };
		CA9CF4F81E8BBFD50045ED29 /* UInt+Unbox.swift */ = {isa = PBXFileReference; fileEncoding = 4; lastKnownFileType = sourcecode.swift; path = "UInt+Unbox.swift"; sourceTree = "<group>"; };
		CA9CF4F91E8BBFD50045ED29 /* UInt32+Unbox.swift */ = {isa = PBXFileReference; fileEncoding = 4; lastKnownFileType = sourcecode.swift; path = "UInt32+Unbox.swift"; sourceTree = "<group>"; };
		CA9CF4FA1E8BBFD50045ED29 /* UInt64+Unbox.swift */ = {isa = PBXFileReference; fileEncoding = 4; lastKnownFileType = sourcecode.swift; path = "UInt64+Unbox.swift"; sourceTree = "<group>"; };
		CA9CF4FB1E8BBFD50045ED29 /* Unbox.swift */ = {isa = PBXFileReference; fileEncoding = 4; lastKnownFileType = sourcecode.swift; path = Unbox.swift; sourceTree = "<group>"; };
		CA9CF4FC1E8BBFD50045ED29 /* Unboxable.swift */ = {isa = PBXFileReference; fileEncoding = 4; lastKnownFileType = sourcecode.swift; path = Unboxable.swift; sourceTree = "<group>"; };
		CA9CF4FD1E8BBFD50045ED29 /* UnboxableByTransform.swift */ = {isa = PBXFileReference; fileEncoding = 4; lastKnownFileType = sourcecode.swift; path = UnboxableByTransform.swift; sourceTree = "<group>"; };
		CA9CF4FE1E8BBFD50045ED29 /* UnboxableCollection.swift */ = {isa = PBXFileReference; fileEncoding = 4; lastKnownFileType = sourcecode.swift; path = UnboxableCollection.swift; sourceTree = "<group>"; };
		CA9CF4FF1E8BBFD50045ED29 /* UnboxableEnum.swift */ = {isa = PBXFileReference; fileEncoding = 4; lastKnownFileType = sourcecode.swift; path = UnboxableEnum.swift; sourceTree = "<group>"; };
		CA9CF5001E8BBFD50045ED29 /* UnboxableKey.swift */ = {isa = PBXFileReference; fileEncoding = 4; lastKnownFileType = sourcecode.swift; path = UnboxableKey.swift; sourceTree = "<group>"; };
		CA9CF5011E8BBFD50045ED29 /* UnboxableRawType.swift */ = {isa = PBXFileReference; fileEncoding = 4; lastKnownFileType = sourcecode.swift; path = UnboxableRawType.swift; sourceTree = "<group>"; };
		CA9CF5021E8BBFD50045ED29 /* UnboxableWithContext.swift */ = {isa = PBXFileReference; fileEncoding = 4; lastKnownFileType = sourcecode.swift; path = UnboxableWithContext.swift; sourceTree = "<group>"; };
		CA9CF5031E8BBFD50045ED29 /* UnboxArrayContainer.swift */ = {isa = PBXFileReference; fileEncoding = 4; lastKnownFileType = sourcecode.swift; path = UnboxArrayContainer.swift; sourceTree = "<group>"; };
		CA9CF5041E8BBFD50045ED29 /* UnboxCollectionElementTransformer.swift */ = {isa = PBXFileReference; fileEncoding = 4; lastKnownFileType = sourcecode.swift; path = UnboxCollectionElementTransformer.swift; sourceTree = "<group>"; };
		CA9CF5051E8BBFD50045ED29 /* UnboxCompatible.swift */ = {isa = PBXFileReference; fileEncoding = 4; lastKnownFileType = sourcecode.swift; path = UnboxCompatible.swift; sourceTree = "<group>"; };
		CA9CF5061E8BBFD50045ED29 /* UnboxContainer.swift */ = {isa = PBXFileReference; fileEncoding = 4; lastKnownFileType = sourcecode.swift; path = UnboxContainer.swift; sourceTree = "<group>"; };
		CA9CF5071E8BBFD50045ED29 /* Unboxer.swift */ = {isa = PBXFileReference; fileEncoding = 4; lastKnownFileType = sourcecode.swift; path = Unboxer.swift; sourceTree = "<group>"; };
		CA9CF5081E8BBFD50045ED29 /* UnboxError.swift */ = {isa = PBXFileReference; fileEncoding = 4; lastKnownFileType = sourcecode.swift; path = UnboxError.swift; sourceTree = "<group>"; };
		CA9CF5091E8BBFD50045ED29 /* UnboxFormatter.swift */ = {isa = PBXFileReference; fileEncoding = 4; lastKnownFileType = sourcecode.swift; path = UnboxFormatter.swift; sourceTree = "<group>"; };
		CA9CF50A1E8BBFD50045ED29 /* UnboxPath.swift */ = {isa = PBXFileReference; fileEncoding = 4; lastKnownFileType = sourcecode.swift; path = UnboxPath.swift; sourceTree = "<group>"; };
		CA9CF50B1E8BBFD50045ED29 /* UnboxPathError.swift */ = {isa = PBXFileReference; fileEncoding = 4; lastKnownFileType = sourcecode.swift; path = UnboxPathError.swift; sourceTree = "<group>"; };
		CA9CF50C1E8BBFD50045ED29 /* UnboxPathNode.swift */ = {isa = PBXFileReference; fileEncoding = 4; lastKnownFileType = sourcecode.swift; path = UnboxPathNode.swift; sourceTree = "<group>"; };
		CA9CF50D1E8BBFD50045ED29 /* URL+Unbox.swift */ = {isa = PBXFileReference; fileEncoding = 4; lastKnownFileType = sourcecode.swift; path = "URL+Unbox.swift"; sourceTree = "<group>"; };
		D9019DAC1E526F0000D9E197 /* trolleyMock.json */ = {isa = PBXFileReference; fileEncoding = 4; lastKnownFileType = text.json; path = trolleyMock.json; sourceTree = "<group>"; };
		D9019DB21E5277DB00D9E197 /* TrolleyTrackerUITests.xctest */ = {isa = PBXFileReference; explicitFileType = wrapper.cfbundle; includeInIndex = 0; path = TrolleyTrackerUITests.xctest; sourceTree = BUILT_PRODUCTS_DIR; };
		D9019DB41E5277DB00D9E197 /* TrolleyTrackerUITests.swift */ = {isa = PBXFileReference; lastKnownFileType = sourcecode.swift; path = TrolleyTrackerUITests.swift; sourceTree = "<group>"; };
		D9019DB61E5277DB00D9E197 /* Info.plist */ = {isa = PBXFileReference; lastKnownFileType = text.plist.xml; path = Info.plist; sourceTree = "<group>"; };
		D90866EF1B91292F002A6F87 /* TrolleyAnnotationView.swift */ = {isa = PBXFileReference; fileEncoding = 4; lastKnownFileType = sourcecode.swift; path = TrolleyAnnotationView.swift; sourceTree = "<group>"; };
		D90866F21B91C633002A6F87 /* Montserrat-Bold.ttf */ = {isa = PBXFileReference; lastKnownFileType = file; path = "Montserrat-Bold.ttf"; sourceTree = "<group>"; };
		D90866F61B91C8B8002A6F87 /* UIFont+TrolleyTracker.swift */ = {isa = PBXFileReference; fileEncoding = 4; lastKnownFileType = sourcecode.swift; path = "UIFont+TrolleyTracker.swift"; sourceTree = "<group>"; };
		D90866FA1B91D519002A6F87 /* String+TrolleyTracker.swift */ = {isa = PBXFileReference; fileEncoding = 4; lastKnownFileType = sourcecode.swift; path = "String+TrolleyTracker.swift"; sourceTree = "<group>"; };
		D90867021B91F4D9002A6F87 /* EnvironmentVariables.swift */ = {isa = PBXFileReference; fileEncoding = 4; lastKnownFileType = sourcecode.swift; path = EnvironmentVariables.swift; sourceTree = "<group>"; };
		D908670E1B921229002A6F87 /* TrolleyStopAnnotationView.swift */ = {isa = PBXFileReference; fileEncoding = 4; lastKnownFileType = sourcecode.swift; name = TrolleyStopAnnotationView.swift; path = TrolleyTracker.xcodeproj/../TrolleyStopAnnotationView.swift; sourceTree = SOURCE_ROOT; };
		D90867101B921431002A6F87 /* UIView+TrolleyTracker.swift */ = {isa = PBXFileReference; fileEncoding = 4; lastKnownFileType = sourcecode.swift; path = "UIView+TrolleyTracker.swift"; sourceTree = "<group>"; };
		D90867121B9217D8002A6F87 /* Drawing.playground */ = {isa = PBXFileReference; lastKnownFileType = file.playground; path = Drawing.playground; sourceTree = "<group>"; };
		D914FADD1B30DEF0002DACF8 /* UserLocationService.swift */ = {isa = PBXFileReference; fileEncoding = 4; lastKnownFileType = sourcecode.swift; path = UserLocationService.swift; sourceTree = "<group>"; };
		D914FADF1B30DEFE002DACF8 /* TrolleyRouteService.swift */ = {isa = PBXFileReference; fileEncoding = 4; lastKnownFileType = sourcecode.swift; path = TrolleyRouteService.swift; sourceTree = "<group>"; };
		D914FAE11B30DF14002DACF8 /* TrolleyLocationService.swift */ = {isa = PBXFileReference; fileEncoding = 4; lastKnownFileType = sourcecode.swift; path = TrolleyLocationService.swift; sourceTree = "<group>"; };
		D914FAE31B30DFA8002DACF8 /* Trolley.swift */ = {isa = PBXFileReference; fileEncoding = 4; lastKnownFileType = sourcecode.swift; path = Trolley.swift; sourceTree = "<group>"; };
		D914FAE51B30DFC0002DACF8 /* TrolleyStop.swift */ = {isa = PBXFileReference; fileEncoding = 4; lastKnownFileType = sourcecode.swift; path = TrolleyStop.swift; sourceTree = "<group>"; };
		D914FAFB1B30EA84002DACF8 /* ObserverSet.swift */ = {isa = PBXFileReference; fileEncoding = 4; lastKnownFileType = sourcecode.swift; path = ObserverSet.swift; sourceTree = "<group>"; };
		D92876CA1BCB0CE5003333EA /* SettingsDataSource.swift */ = {isa = PBXFileReference; fileEncoding = 4; lastKnownFileType = sourcecode.swift; path = SettingsDataSource.swift; sourceTree = "<group>"; };
		D92876CC1BCB21EE003333EA /* Main.storyboard */ = {isa = PBXFileReference; fileEncoding = 4; lastKnownFileType = file.storyboard; path = Main.storyboard; sourceTree = "<group>"; };
		D92876CE1BCB3737003333EA /* MapViewDelegate.swift */ = {isa = PBXFileReference; fileEncoding = 4; lastKnownFileType = sourcecode.swift; path = MapViewDelegate.swift; sourceTree = "<group>"; };
		D92876D01BCB3A53003333EA /* ScheduleViewController.swift */ = {isa = PBXFileReference; fileEncoding = 4; lastKnownFileType = sourcecode.swift; path = ScheduleViewController.swift; sourceTree = "<group>"; };
		D92876D21BCB3A67003333EA /* TrolleyScheduleService.swift */ = {isa = PBXFileReference; fileEncoding = 4; lastKnownFileType = sourcecode.swift; path = TrolleyScheduleService.swift; sourceTree = "<group>"; };
		D92876D41BCC89BE003333EA /* Schedule.swift */ = {isa = PBXFileReference; fileEncoding = 4; lastKnownFileType = sourcecode.swift; path = Schedule.swift; sourceTree = "<group>"; };
		D92876D61BCD05A1003333EA /* ScheduleOperations.swift */ = {isa = PBXFileReference; fileEncoding = 4; lastKnownFileType = sourcecode.swift; path = ScheduleOperations.swift; sourceTree = "<group>"; };
		D93FD09D1C78FDE20089CDBE /* Schedule.storyboard */ = {isa = PBXFileReference; fileEncoding = 4; lastKnownFileType = file.storyboard; path = Schedule.storyboard; sourceTree = "<group>"; };
		D93FD09F1C78FED60089CDBE /* RouteDetailViewController.swift */ = {isa = PBXFileReference; fileEncoding = 4; lastKnownFileType = sourcecode.swift; path = RouteDetailViewController.swift; sourceTree = "<group>"; };
		D93FD0BA1C79D04D0089CDBE /* More.storyboard */ = {isa = PBXFileReference; fileEncoding = 4; lastKnownFileType = file.storyboard; name = More.storyboard; path = ../More.storyboard; sourceTree = "<group>"; };
		D95A658F1D6D050B002CE650 /* Fabric.framework */ = {isa = PBXFileReference; lastKnownFileType = wrapper.framework; path = Fabric.framework; sourceTree = "<group>"; };
		D95A65901D6D050B002CE650 /* Crashlytics.framework */ = {isa = PBXFileReference; lastKnownFileType = wrapper.framework; path = Crashlytics.framework; sourceTree = "<group>"; };
		D95DAFC41B7F60EE00BBC906 /* TrolleyRequests.swift */ = {isa = PBXFileReference; fileEncoding = 4; lastKnownFileType = sourcecode.swift; path = TrolleyRequests.swift; sourceTree = "<group>"; };
		D95EF7661B87302F009B5779 /* TrolleyRouteOverlay.swift */ = {isa = PBXFileReference; fileEncoding = 4; lastKnownFileType = sourcecode.swift; path = TrolleyRouteOverlay.swift; sourceTree = "<group>"; };
		D95EF76B1B889B00009B5779 /* UIImage+TrolleyTracker.swift */ = {isa = PBXFileReference; fileEncoding = 4; lastKnownFileType = sourcecode.swift; path = "UIImage+TrolleyTracker.swift"; sourceTree = "<group>"; };
		D9617EE91BDDA1C800FF86CD /* ScheduleViewController+SortByDay.swift */ = {isa = PBXFileReference; fileEncoding = 4; lastKnownFileType = sourcecode.swift; path = "ScheduleViewController+SortByDay.swift"; sourceTree = "<group>"; };
		D9617EED1BDDA37A00FF86CD /* ScheduleViewController+SortByRoute.swift */ = {isa = PBXFileReference; fileEncoding = 4; lastKnownFileType = sourcecode.swift; path = "ScheduleViewController+SortByRoute.swift"; sourceTree = "<group>"; };
		D9617EF11BDDC60700FF86CD /* AlertControllerColor.swift */ = {isa = PBXFileReference; fileEncoding = 4; lastKnownFileType = sourcecode.swift; path = AlertControllerColor.swift; sourceTree = "<group>"; };
		D9617EF31BDF0A1600FF86CD /* UIViewController+Appearance.swift */ = {isa = PBXFileReference; fileEncoding = 4; lastKnownFileType = sourcecode.swift; path = "UIViewController+Appearance.swift"; sourceTree = "<group>"; };
		D9617EF61BDF84F400FF86CD /* ScheduleViewCell.swift */ = {isa = PBXFileReference; fileEncoding = 4; lastKnownFileType = sourcecode.swift; path = ScheduleViewCell.swift; sourceTree = "<group>"; };
		D9617EF81BE02B9200FF86CD /* ScheduleDisplayModels.swift */ = {isa = PBXFileReference; fileEncoding = 4; lastKnownFileType = sourcecode.swift; path = ScheduleDisplayModels.swift; sourceTree = "<group>"; };
		D9617EFA1BE0573100FF86CD /* ScheduleHeaderView.swift */ = {isa = PBXFileReference; fileEncoding = 4; lastKnownFileType = sourcecode.swift; path = ScheduleHeaderView.swift; sourceTree = "<group>"; };
		D9617EFC1BE0634A00FF86CD /* AttributionViewController.swift */ = {isa = PBXFileReference; fileEncoding = 4; lastKnownFileType = sourcecode.swift; path = AttributionViewController.swift; sourceTree = "<group>"; };
		D9617EFE1BE0D61600FF86CD /* AboutViewController.swift */ = {isa = PBXFileReference; fileEncoding = 4; lastKnownFileType = sourcecode.swift; path = AboutViewController.swift; sourceTree = "<group>"; };
		D9650C991B8559EA0004A2AF /* TrolleyRoute.swift */ = {isa = PBXFileReference; fileEncoding = 4; lastKnownFileType = sourcecode.swift; path = TrolleyRoute.swift; sourceTree = "<group>"; };
		D9650CA31B86A9F10004A2AF /* UIColor+TrolleyTracker.swift */ = {isa = PBXFileReference; fileEncoding = 4; lastKnownFileType = sourcecode.swift; path = "UIColor+TrolleyTracker.swift"; sourceTree = "<group>"; };
		D97055BA1BD6FB25002B9A8B /* Box.swift */ = {isa = PBXFileReference; fileEncoding = 4; lastKnownFileType = sourcecode.swift; path = Box.swift; sourceTree = "<group>"; };
		D97055BD1BD70753002B9A8B /* HeadingLabel.swift */ = {isa = PBXFileReference; fileEncoding = 4; lastKnownFileType = sourcecode.swift; path = HeadingLabel.swift; sourceTree = "<group>"; };
		D97055BF1BD7077B002B9A8B /* BodyLabel.swift */ = {isa = PBXFileReference; fileEncoding = 4; lastKnownFileType = sourcecode.swift; path = BodyLabel.swift; sourceTree = "<group>"; };
		D97055C11BD7078E002B9A8B /* SpacerView.swift */ = {isa = PBXFileReference; fileEncoding = 4; lastKnownFileType = sourcecode.swift; path = SpacerView.swift; sourceTree = "<group>"; };
		D97A7F0D1BE194F200B40766 /* TrolleyRouteServiceFake.swift */ = {isa = PBXFileReference; fileEncoding = 4; lastKnownFileType = sourcecode.swift; path = TrolleyRouteServiceFake.swift; sourceTree = "<group>"; };
		D97A7F0F1BE1960E00B40766 /* TrolleyServiceProtocols.swift */ = {isa = PBXFileReference; fileEncoding = 4; lastKnownFileType = sourcecode.swift; path = TrolleyServiceProtocols.swift; sourceTree = "<group>"; };
		D97A7F111BE197AD00B40766 /* TrolleyLocationServiceFake.swift */ = {isa = PBXFileReference; fileEncoding = 4; lastKnownFileType = sourcecode.swift; path = TrolleyLocationServiceFake.swift; sourceTree = "<group>"; };
		D98715401B8A7D8200489594 /* TimeAndDistanceService.swift */ = {isa = PBXFileReference; fileEncoding = 4; lastKnownFileType = sourcecode.swift; path = TimeAndDistanceService.swift; sourceTree = "<group>"; };
		D98715461B8A7DDC00489594 /* ConcurrentOperation.swift */ = {isa = PBXFileReference; fileEncoding = 4; lastKnownFileType = sourcecode.swift; path = ConcurrentOperation.swift; sourceTree = "<group>"; };
		D98715481B8A7E0C00489594 /* GetETAOperation.swift */ = {isa = PBXFileReference; fileEncoding = 4; lastKnownFileType = sourcecode.swift; path = GetETAOperation.swift; sourceTree = "<group>"; };
		D98CF6511E827982005048FF /* MapViewHelpers.swift */ = {isa = PBXFileReference; fileEncoding = 4; lastKnownFileType = sourcecode.swift; path = MapViewHelpers.swift; sourceTree = "<group>"; };
		D98CF6551E827D61005048FF /* ApplicationController.swift */ = {isa = PBXFileReference; fileEncoding = 4; lastKnownFileType = sourcecode.swift; path = ApplicationController.swift; sourceTree = "<group>"; };
		D98CF6581E827E12005048FF /* ViewControllerInitialization.swift */ = {isa = PBXFileReference; fileEncoding = 4; lastKnownFileType = sourcecode.swift; path = ViewControllerInitialization.swift; sourceTree = "<group>"; };
		D98CF65C1E83C3AF005048FF /* Formatters.swift */ = {isa = PBXFileReference; fileEncoding = 4; lastKnownFileType = sourcecode.swift; path = Formatters.swift; sourceTree = "<group>"; };
		D98CF65E1E83C4B2005048FF /* GeographyHelpers.swift */ = {isa = PBXFileReference; fileEncoding = 4; lastKnownFileType = sourcecode.swift; path = GeographyHelpers.swift; sourceTree = "<group>"; };
		D99B71551E87D6D800F36E55 /* RouteFetchOperations.swift */ = {isa = PBXFileReference; fileEncoding = 4; lastKnownFileType = sourcecode.swift; path = RouteFetchOperations.swift; sourceTree = "<group>"; };
		D9CFDB331E528A8A0056AB01 /* SwiftyJSON.swift */ = {isa = PBXFileReference; fileEncoding = 4; lastKnownFileType = sourcecode.swift; name = SwiftyJSON.swift; path = Dependencies/SwiftyJSON/SwiftyJSON.swift; sourceTree = "<group>"; };
		D9CFDB351E528A940056AB01 /* AFError.swift */ = {isa = PBXFileReference; fileEncoding = 4; lastKnownFileType = sourcecode.swift; name = AFError.swift; path = Dependencies/Alamofire/AFError.swift; sourceTree = "<group>"; };
		D9CFDB361E528A940056AB01 /* Alamofire.swift */ = {isa = PBXFileReference; fileEncoding = 4; lastKnownFileType = sourcecode.swift; name = Alamofire.swift; path = Dependencies/Alamofire/Alamofire.swift; sourceTree = "<group>"; };
		D9CFDB371E528A940056AB01 /* DispatchQueue+Alamofire.swift */ = {isa = PBXFileReference; fileEncoding = 4; lastKnownFileType = sourcecode.swift; name = "DispatchQueue+Alamofire.swift"; path = "Dependencies/Alamofire/DispatchQueue+Alamofire.swift"; sourceTree = "<group>"; };
		D9CFDB381E528A940056AB01 /* MultipartFormData.swift */ = {isa = PBXFileReference; fileEncoding = 4; lastKnownFileType = sourcecode.swift; name = MultipartFormData.swift; path = Dependencies/Alamofire/MultipartFormData.swift; sourceTree = "<group>"; };
		D9CFDB391E528A940056AB01 /* NetworkReachabilityManager.swift */ = {isa = PBXFileReference; fileEncoding = 4; lastKnownFileType = sourcecode.swift; name = NetworkReachabilityManager.swift; path = Dependencies/Alamofire/NetworkReachabilityManager.swift; sourceTree = "<group>"; };
		D9CFDB3A1E528A940056AB01 /* Notifications.swift */ = {isa = PBXFileReference; fileEncoding = 4; lastKnownFileType = sourcecode.swift; name = Notifications.swift; path = Dependencies/Alamofire/Notifications.swift; sourceTree = "<group>"; };
		D9CFDB3B1E528A940056AB01 /* ParameterEncoding.swift */ = {isa = PBXFileReference; fileEncoding = 4; lastKnownFileType = sourcecode.swift; name = ParameterEncoding.swift; path = Dependencies/Alamofire/ParameterEncoding.swift; sourceTree = "<group>"; };
		D9CFDB3C1E528A940056AB01 /* Request.swift */ = {isa = PBXFileReference; fileEncoding = 4; lastKnownFileType = sourcecode.swift; name = Request.swift; path = Dependencies/Alamofire/Request.swift; sourceTree = "<group>"; };
		D9CFDB3D1E528A940056AB01 /* Response.swift */ = {isa = PBXFileReference; fileEncoding = 4; lastKnownFileType = sourcecode.swift; name = Response.swift; path = Dependencies/Alamofire/Response.swift; sourceTree = "<group>"; };
		D9CFDB3E1E528A940056AB01 /* ResponseSerialization.swift */ = {isa = PBXFileReference; fileEncoding = 4; lastKnownFileType = sourcecode.swift; name = ResponseSerialization.swift; path = Dependencies/Alamofire/ResponseSerialization.swift; sourceTree = "<group>"; };
		D9CFDB3F1E528A940056AB01 /* Result.swift */ = {isa = PBXFileReference; fileEncoding = 4; lastKnownFileType = sourcecode.swift; name = Result.swift; path = Dependencies/Alamofire/Result.swift; sourceTree = "<group>"; };
		D9CFDB401E528A940056AB01 /* ServerTrustPolicy.swift */ = {isa = PBXFileReference; fileEncoding = 4; lastKnownFileType = sourcecode.swift; name = ServerTrustPolicy.swift; path = Dependencies/Alamofire/ServerTrustPolicy.swift; sourceTree = "<group>"; };
		D9CFDB411E528A940056AB01 /* SessionDelegate.swift */ = {isa = PBXFileReference; fileEncoding = 4; lastKnownFileType = sourcecode.swift; name = SessionDelegate.swift; path = Dependencies/Alamofire/SessionDelegate.swift; sourceTree = "<group>"; };
		D9CFDB421E528A940056AB01 /* SessionManager.swift */ = {isa = PBXFileReference; fileEncoding = 4; lastKnownFileType = sourcecode.swift; name = SessionManager.swift; path = Dependencies/Alamofire/SessionManager.swift; sourceTree = "<group>"; };
		D9CFDB431E528A940056AB01 /* TaskDelegate.swift */ = {isa = PBXFileReference; fileEncoding = 4; lastKnownFileType = sourcecode.swift; name = TaskDelegate.swift; path = Dependencies/Alamofire/TaskDelegate.swift; sourceTree = "<group>"; };
		D9CFDB441E528A940056AB01 /* Timeline.swift */ = {isa = PBXFileReference; fileEncoding = 4; lastKnownFileType = sourcecode.swift; name = Timeline.swift; path = Dependencies/Alamofire/Timeline.swift; sourceTree = "<group>"; };
		D9CFDB451E528A940056AB01 /* Validation.swift */ = {isa = PBXFileReference; fileEncoding = 4; lastKnownFileType = sourcecode.swift; name = Validation.swift; path = Dependencies/Alamofire/Validation.swift; sourceTree = "<group>"; };
		D9E240481BDBCACB00F16CF8 /* SubHeadingLabel.swift */ = {isa = PBXFileReference; fileEncoding = 4; lastKnownFileType = sourcecode.swift; path = SubHeadingLabel.swift; sourceTree = "<group>"; };
		D9E83ACB1E52796400E9D799 /* SnapshotHelper.swift */ = {isa = PBXFileReference; fileEncoding = 4; lastKnownFileType = sourcecode.swift; path = SnapshotHelper.swift; sourceTree = "<group>"; };
		D9FA570E1E8A6A0100178214 /* MapLayersListViewController.swift */ = {isa = PBXFileReference; fileEncoding = 4; lastKnownFileType = sourcecode.swift; path = MapLayersListViewController.swift; sourceTree = "<group>"; };
		D9FA57101E8A6A3500178214 /* StoryboardHelpers.swift */ = {isa = PBXFileReference; fileEncoding = 4; lastKnownFileType = sourcecode.swift; path = StoryboardHelpers.swift; sourceTree = "<group>"; };
		E71A67891B30DCD30036FE10 /* MapViewController.swift */ = {isa = PBXFileReference; fileEncoding = 4; lastKnownFileType = sourcecode.swift; path = MapViewController.swift; sourceTree = "<group>"; };
		E71A678B1B30DCE60036FE10 /* DetailViewController.swift */ = {isa = PBXFileReference; fileEncoding = 4; lastKnownFileType = sourcecode.swift; path = DetailViewController.swift; sourceTree = "<group>"; };
		E71A678D1B30DCEF0036FE10 /* SettingsViewController.swift */ = {isa = PBXFileReference; fileEncoding = 4; lastKnownFileType = sourcecode.swift; path = SettingsViewController.swift; sourceTree = "<group>"; };
		EFA4B1F61A1C201F00BEA42C /* TrolleyTracker.app */ = {isa = PBXFileReference; explicitFileType = wrapper.application; includeInIndex = 0; path = TrolleyTracker.app; sourceTree = BUILT_PRODUCTS_DIR; };
		EFA4B1FA1A1C201F00BEA42C /* Info.plist */ = {isa = PBXFileReference; lastKnownFileType = text.plist.xml; path = Info.plist; sourceTree = "<group>"; };
		EFA4B1FB1A1C201F00BEA42C /* AppDelegate.swift */ = {isa = PBXFileReference; lastKnownFileType = sourcecode.swift; path = AppDelegate.swift; sourceTree = "<group>"; };
		EFA4B2021A1C201F00BEA42C /* Images.xcassets */ = {isa = PBXFileReference; lastKnownFileType = folder.assetcatalog; path = Images.xcassets; sourceTree = "<group>"; };
		EFA4B2051A1C201F00BEA42C /* Base */ = {isa = PBXFileReference; lastKnownFileType = file.xib; name = Base; path = Base.lproj/LaunchScreen.xib; sourceTree = "<group>"; };
		EFA4B20B1A1C201F00BEA42C /* TrolleyTrackerTests.xctest */ = {isa = PBXFileReference; explicitFileType = wrapper.cfbundle; includeInIndex = 0; path = TrolleyTrackerTests.xctest; sourceTree = BUILT_PRODUCTS_DIR; };
		EFA4B2101A1C201F00BEA42C /* Info.plist */ = {isa = PBXFileReference; lastKnownFileType = text.plist.xml; path = Info.plist; sourceTree = "<group>"; };
		EFA4B2111A1C201F00BEA42C /* TrolleyTrackerTests.swift */ = {isa = PBXFileReference; lastKnownFileType = sourcecode.swift; path = TrolleyTrackerTests.swift; sourceTree = "<group>"; };
/* End PBXFileReference section */

/* Begin PBXFrameworksBuildPhase section */
		D9019DAF1E5277DB00D9E197 /* Frameworks */ = {
			isa = PBXFrameworksBuildPhase;
			buildActionMask = 2147483647;
			files = (
			);
			runOnlyForDeploymentPostprocessing = 0;
		};
		EFA4B1F31A1C201F00BEA42C /* Frameworks */ = {
			isa = PBXFrameworksBuildPhase;
			buildActionMask = 2147483647;
			files = (
				D95A65921D6D050B002CE650 /* Crashlytics.framework in Frameworks */,
				D95A65911D6D050B002CE650 /* Fabric.framework in Frameworks */,
			);
			runOnlyForDeploymentPostprocessing = 0;
		};
		EFA4B2081A1C201F00BEA42C /* Frameworks */ = {
			isa = PBXFrameworksBuildPhase;
			buildActionMask = 2147483647;
			files = (
			);
			runOnlyForDeploymentPostprocessing = 0;
		};
/* End PBXFrameworksBuildPhase section */

/* Begin PBXGroup section */
		CA9CF3FE1E8B12010045ED29 /* More */ = {
			isa = PBXGroup;
			children = (
				D92876CA1BCB0CE5003333EA /* SettingsDataSource.swift */,
				E71A678D1B30DCEF0036FE10 /* SettingsViewController.swift */,
				D9FA570E1E8A6A0100178214 /* MapLayersListViewController.swift */,
				CA9CF3FF1E8B122D0045ED29 /* MapLayerCell.swift */,
				CA9CF4031E8B13620045ED29 /* MapLayerDataSource.swift */,
				CA9CF4051E8B153E0045ED29 /* MapLayerViewController.swift */,
				CA9CF4071E8BB8C90045ED29 /* MapLayersController.swift */,
			);
			name = More;
			sourceTree = "<group>";
		};
		CA9CF4091E8BBF870045ED29 /* Unbox */ = {
			isa = PBXGroup;
			children = (
				CA9CF4E41E8BBFD50045ED29 /* Array+Unbox.swift */,
				CA9CF4E51E8BBFD50045ED29 /* Bool+Unbox.swift */,
				CA9CF4E61E8BBFD50045ED29 /* CGFloat+Unbox.swift */,
				CA9CF4E71E8BBFD50045ED29 /* Data+Unbox.swift */,
				CA9CF4E81E8BBFD50045ED29 /* DateFormatter+Unbox.swift */,
				CA9CF4E91E8BBFD50045ED29 /* Decimal+Unbox.swift */,
				CA9CF4EA1E8BBFD50045ED29 /* Dictionary+Unbox.swift */,
				CA9CF4EB1E8BBFD50045ED29 /* Double+Unbox.swift */,
				CA9CF4EC1E8BBFD50045ED29 /* Float+Unbox.swift */,
				CA9CF4ED1E8BBFD50045ED29 /* Int+Unbox.swift */,
				CA9CF4EE1E8BBFD50045ED29 /* Int32+Unbox.swift */,
				CA9CF4EF1E8BBFD50045ED29 /* Int64+Unbox.swift */,
				CA9CF4F01E8BBFD50045ED29 /* JSONSerialization+Unbox.swift */,
				CA9CF4F11E8BBFD50045ED29 /* NSArray+Unbox.swift */,
				CA9CF4F21E8BBFD50045ED29 /* NSDictionary+Unbox.swift */,
				CA9CF4F31E8BBFD50045ED29 /* Optional+Unbox.swift */,
				CA9CF4F41E8BBFD50045ED29 /* Sequence+Unbox.swift */,
				CA9CF4F51E8BBFD50045ED29 /* Set+Unbox.swift */,
				CA9CF4F61E8BBFD50045ED29 /* String+Unbox.swift */,
				CA9CF4F71E8BBFD50045ED29 /* Typealiases.swift */,
				CA9CF4F81E8BBFD50045ED29 /* UInt+Unbox.swift */,
				CA9CF4F91E8BBFD50045ED29 /* UInt32+Unbox.swift */,
				CA9CF4FA1E8BBFD50045ED29 /* UInt64+Unbox.swift */,
				CA9CF4FB1E8BBFD50045ED29 /* Unbox.swift */,
				CA9CF4FC1E8BBFD50045ED29 /* Unboxable.swift */,
				CA9CF4FD1E8BBFD50045ED29 /* UnboxableByTransform.swift */,
				CA9CF4FE1E8BBFD50045ED29 /* UnboxableCollection.swift */,
				CA9CF4FF1E8BBFD50045ED29 /* UnboxableEnum.swift */,
				CA9CF5001E8BBFD50045ED29 /* UnboxableKey.swift */,
				CA9CF5011E8BBFD50045ED29 /* UnboxableRawType.swift */,
				CA9CF5021E8BBFD50045ED29 /* UnboxableWithContext.swift */,
				CA9CF5031E8BBFD50045ED29 /* UnboxArrayContainer.swift */,
				CA9CF5041E8BBFD50045ED29 /* UnboxCollectionElementTransformer.swift */,
				CA9CF5051E8BBFD50045ED29 /* UnboxCompatible.swift */,
				CA9CF5061E8BBFD50045ED29 /* UnboxContainer.swift */,
				CA9CF5071E8BBFD50045ED29 /* Unboxer.swift */,
				CA9CF5081E8BBFD50045ED29 /* UnboxError.swift */,
				CA9CF5091E8BBFD50045ED29 /* UnboxFormatter.swift */,
				CA9CF50A1E8BBFD50045ED29 /* UnboxPath.swift */,
				CA9CF50B1E8BBFD50045ED29 /* UnboxPathError.swift */,
				CA9CF50C1E8BBFD50045ED29 /* UnboxPathNode.swift */,
				CA9CF50D1E8BBFD50045ED29 /* URL+Unbox.swift */,
			);
			name = Unbox;
			sourceTree = "<group>";
		};
		D9019D9E1E526EB400D9E197 /* MockData */ = {
			isa = PBXGroup;
			children = (
				D9019DAC1E526F0000D9E197 /* trolleyMock.json */,
			);
			name = MockData;
			sourceTree = "<group>";
		};
		D9019DB31E5277DB00D9E197 /* TrolleyTrackerUITests */ = {
			isa = PBXGroup;
			children = (
				D9E83ACB1E52796400E9D799 /* SnapshotHelper.swift */,
				D9019DB41E5277DB00D9E197 /* TrolleyTrackerUITests.swift */,
				D9019DB61E5277DB00D9E197 /* Info.plist */,
			);
			path = TrolleyTrackerUITests;
			sourceTree = "<group>";
		};
		D90866F11B91C60F002A6F87 /* Fonts */ = {
			isa = PBXGroup;
			children = (
				D90866F21B91C633002A6F87 /* Montserrat-Bold.ttf */,
			);
			name = Fonts;
			sourceTree = "<group>";
		};
		D90866F81B91C8BF002A6F87 /* Extensions */ = {
			isa = PBXGroup;
			children = (
				D9650CA31B86A9F10004A2AF /* UIColor+TrolleyTracker.swift */,
				D95EF76B1B889B00009B5779 /* UIImage+TrolleyTracker.swift */,
				D90866F61B91C8B8002A6F87 /* UIFont+TrolleyTracker.swift */,
				D90866FA1B91D519002A6F87 /* String+TrolleyTracker.swift */,
				D90867101B921431002A6F87 /* UIView+TrolleyTracker.swift */,
				D9617EF31BDF0A1600FF86CD /* UIViewController+Appearance.swift */,
			);
			name = Extensions;
			sourceTree = "<group>";
		};
		D914FADB1B30DEA4002DACF8 /* Models */ = {
			isa = PBXGroup;
			children = (
				D914FAE31B30DFA8002DACF8 /* Trolley.swift */,
				D914FAE51B30DFC0002DACF8 /* TrolleyStop.swift */,
				D9650C991B8559EA0004A2AF /* TrolleyRoute.swift */,
				D92876D41BCC89BE003333EA /* Schedule.swift */,
				D9617EF81BE02B9200FF86CD /* ScheduleDisplayModels.swift */,
			);
			name = Models;
			sourceTree = "<group>";
		};
		D914FADC1B30DEB4002DACF8 /* Services */ = {
			isa = PBXGroup;
			children = (
				D98CF6541E827BD1005048FF /* Locations */,
				D98CF6531E827BAF005048FF /* Routes */,
				D95DAFC41B7F60EE00BBC906 /* TrolleyRequests.swift */,
				D98715401B8A7D8200489594 /* TimeAndDistanceService.swift */,
				D97A7F0F1BE1960E00B40766 /* TrolleyServiceProtocols.swift */,
				D92876D21BCB3A67003333EA /* TrolleyScheduleService.swift */,
			);
			name = Services;
			sourceTree = "<group>";
		};
		D9650CA01B86A4030004A2AF /* Controllers */ = {
			isa = PBXGroup;
			children = (
				D98CF6571E827D66005048FF /* ViewControllers */,
				D98CF6551E827D61005048FF /* ApplicationController.swift */,
			);
			name = Controllers;
			sourceTree = "<group>";
		};
		D9650CA11B86A40A0004A2AF /* Views */ = {
			isa = PBXGroup;
			children = (
				D97055BC1BD706CE002B9A8B /* Schedule */,
				D90866EF1B91292F002A6F87 /* TrolleyAnnotationView.swift */,
				D908670E1B921229002A6F87 /* TrolleyStopAnnotationView.swift */,
			);
			name = Views;
			sourceTree = "<group>";
		};
		D97055BC1BD706CE002B9A8B /* Schedule */ = {
			isa = PBXGroup;
			children = (
				D97055BD1BD70753002B9A8B /* HeadingLabel.swift */,
				D97055BF1BD7077B002B9A8B /* BodyLabel.swift */,
				D97055C11BD7078E002B9A8B /* SpacerView.swift */,
				D9E240481BDBCACB00F16CF8 /* SubHeadingLabel.swift */,
				D9617EF61BDF84F400FF86CD /* ScheduleViewCell.swift */,
				D9617EFA1BE0573100FF86CD /* ScheduleHeaderView.swift */,
			);
			name = Schedule;
			sourceTree = "<group>";
		};
		D98715451B8A7DA100489594 /* Operations */ = {
			isa = PBXGroup;
			children = (
				D98715481B8A7E0C00489594 /* GetETAOperation.swift */,
				D98715461B8A7DDC00489594 /* ConcurrentOperation.swift */,
				D92876D61BCD05A1003333EA /* ScheduleOperations.swift */,
			);
			name = Operations;
			sourceTree = "<group>";
		};
		D98CF6501E82796E005048FF /* Helpers */ = {
			isa = PBXGroup;
			children = (
				D98CF6511E827982005048FF /* MapViewHelpers.swift */,
				D98CF6581E827E12005048FF /* ViewControllerInitialization.swift */,
				D98CF65C1E83C3AF005048FF /* Formatters.swift */,
				D98CF65E1E83C4B2005048FF /* GeographyHelpers.swift */,
				D9FA57101E8A6A3500178214 /* StoryboardHelpers.swift */,
				CA9CF4011E8B12E20045ED29 /* UIKitHelpers.swift */,
			);
			name = Helpers;
			sourceTree = "<group>";
		};
		D98CF6531E827BAF005048FF /* Routes */ = {
			isa = PBXGroup;
			children = (
				D914FADF1B30DEFE002DACF8 /* TrolleyRouteService.swift */,
				D97A7F0D1BE194F200B40766 /* TrolleyRouteServiceFake.swift */,
				D99B71551E87D6D800F36E55 /* RouteFetchOperations.swift */,
			);
			name = Routes;
			sourceTree = "<group>";
		};
		D98CF6541E827BD1005048FF /* Locations */ = {
			isa = PBXGroup;
			children = (
				D914FADD1B30DEF0002DACF8 /* UserLocationService.swift */,
				D914FAE11B30DF14002DACF8 /* TrolleyLocationService.swift */,
				D97A7F111BE197AD00B40766 /* TrolleyLocationServiceFake.swift */,
			);
			name = Locations;
			sourceTree = "<group>";
		};
		D98CF6571E827D66005048FF /* ViewControllers */ = {
			isa = PBXGroup;
			children = (
				CA9CF3FE1E8B12010045ED29 /* More */,
				E71A67891B30DCD30036FE10 /* MapViewController.swift */,
				E71A678B1B30DCE60036FE10 /* DetailViewController.swift */,
				D92876CE1BCB3737003333EA /* MapViewDelegate.swift */,
				D92876D01BCB3A53003333EA /* ScheduleViewController.swift */,
				D9617EED1BDDA37A00FF86CD /* ScheduleViewController+SortByRoute.swift */,
				D9617EE91BDDA1C800FF86CD /* ScheduleViewController+SortByDay.swift */,
				D9617EF11BDDC60700FF86CD /* AlertControllerColor.swift */,
				D9617EFC1BE0634A00FF86CD /* AttributionViewController.swift */,
				D9617EFE1BE0D61600FF86CD /* AboutViewController.swift */,
				D93FD09F1C78FED60089CDBE /* RouteDetailViewController.swift */,
			);
			name = ViewControllers;
			sourceTree = "<group>";
		};
		D9CFDB301E5289DE0056AB01 /* Dependencies */ = {
			isa = PBXGroup;
			children = (
				CA9CF4091E8BBF870045ED29 /* Unbox */,
				D914FAFB1B30EA84002DACF8 /* ObserverSet.swift */,
				D9CFDB321E528A7B0056AB01 /* SwiftyJSON */,
				D9CFDB311E528A6B0056AB01 /* Alamofire */,
			);
			name = Dependencies;
			sourceTree = "<group>";
		};
		D9CFDB311E528A6B0056AB01 /* Alamofire */ = {
			isa = PBXGroup;
			children = (
				D9CFDB351E528A940056AB01 /* AFError.swift */,
				D9CFDB361E528A940056AB01 /* Alamofire.swift */,
				D9CFDB371E528A940056AB01 /* DispatchQueue+Alamofire.swift */,
				D9CFDB381E528A940056AB01 /* MultipartFormData.swift */,
				D9CFDB391E528A940056AB01 /* NetworkReachabilityManager.swift */,
				D9CFDB3A1E528A940056AB01 /* Notifications.swift */,
				D9CFDB3B1E528A940056AB01 /* ParameterEncoding.swift */,
				D9CFDB3C1E528A940056AB01 /* Request.swift */,
				D9CFDB3D1E528A940056AB01 /* Response.swift */,
				D9CFDB3E1E528A940056AB01 /* ResponseSerialization.swift */,
				D9CFDB3F1E528A940056AB01 /* Result.swift */,
				D9CFDB401E528A940056AB01 /* ServerTrustPolicy.swift */,
				D9CFDB411E528A940056AB01 /* SessionDelegate.swift */,
				D9CFDB421E528A940056AB01 /* SessionManager.swift */,
				D9CFDB431E528A940056AB01 /* TaskDelegate.swift */,
				D9CFDB441E528A940056AB01 /* Timeline.swift */,
				D9CFDB451E528A940056AB01 /* Validation.swift */,
			);
			name = Alamofire;
			sourceTree = "<group>";
		};
		D9CFDB321E528A7B0056AB01 /* SwiftyJSON */ = {
			isa = PBXGroup;
			children = (
				D9CFDB331E528A8A0056AB01 /* SwiftyJSON.swift */,
			);
			name = SwiftyJSON;
			sourceTree = "<group>";
		};
		EFA4B1ED1A1C201F00BEA42C = {
			isa = PBXGroup;
			children = (
				D95A658F1D6D050B002CE650 /* Fabric.framework */,
				D95A65901D6D050B002CE650 /* Crashlytics.framework */,
				D90867121B9217D8002A6F87 /* Drawing.playground */,
				EFA4B1F81A1C201F00BEA42C /* TrolleyTracker */,
				EFA4B20E1A1C201F00BEA42C /* TrolleyTrackerTests */,
				D9019DB31E5277DB00D9E197 /* TrolleyTrackerUITests */,
				EFA4B1F71A1C201F00BEA42C /* Products */,
			);
			sourceTree = "<group>";
		};
		EFA4B1F71A1C201F00BEA42C /* Products */ = {
			isa = PBXGroup;
			children = (
				EFA4B1F61A1C201F00BEA42C /* TrolleyTracker.app */,
				EFA4B20B1A1C201F00BEA42C /* TrolleyTrackerTests.xctest */,
				D9019DB21E5277DB00D9E197 /* TrolleyTrackerUITests.xctest */,
			);
			name = Products;
			sourceTree = "<group>";
		};
		EFA4B1F81A1C201F00BEA42C /* TrolleyTracker */ = {
			isa = PBXGroup;
			children = (
				D98CF6501E82796E005048FF /* Helpers */,
				D9CFDB301E5289DE0056AB01 /* Dependencies */,
				D92876CC1BCB21EE003333EA /* Main.storyboard */,
				D93FD0BA1C79D04D0089CDBE /* More.storyboard */,
				D93FD09D1C78FDE20089CDBE /* Schedule.storyboard */,
				D98715451B8A7DA100489594 /* Operations */,
				D914FADC1B30DEB4002DACF8 /* Services */,
				D914FADB1B30DEA4002DACF8 /* Models */,
				D9650CA01B86A4030004A2AF /* Controllers */,
				D9650CA11B86A40A0004A2AF /* Views */,
				EFA4B1FB1A1C201F00BEA42C /* AppDelegate.swift */,
				D95EF7661B87302F009B5779 /* TrolleyRouteOverlay.swift */,
				EFA4B2021A1C201F00BEA42C /* Images.xcassets */,
				EFA4B2041A1C201F00BEA42C /* LaunchScreen.xib */,
				EFA4B1F91A1C201F00BEA42C /* Supporting Files */,
				D90866F81B91C8BF002A6F87 /* Extensions */,
				D90866F11B91C60F002A6F87 /* Fonts */,
			);
			path = TrolleyTracker;
			sourceTree = "<group>";
		};
		EFA4B1F91A1C201F00BEA42C /* Supporting Files */ = {
			isa = PBXGroup;
			children = (
				EFA4B1FA1A1C201F00BEA42C /* Info.plist */,
				D90867021B91F4D9002A6F87 /* EnvironmentVariables.swift */,
				D97055BA1BD6FB25002B9A8B /* Box.swift */,
			);
			name = "Supporting Files";
			sourceTree = "<group>";
		};
		EFA4B20E1A1C201F00BEA42C /* TrolleyTrackerTests */ = {
			isa = PBXGroup;
			children = (
				D9019D9E1E526EB400D9E197 /* MockData */,
				EFA4B2111A1C201F00BEA42C /* TrolleyTrackerTests.swift */,
				EFA4B20F1A1C201F00BEA42C /* Supporting Files */,
			);
			path = TrolleyTrackerTests;
			sourceTree = "<group>";
		};
		EFA4B20F1A1C201F00BEA42C /* Supporting Files */ = {
			isa = PBXGroup;
			children = (
				EFA4B2101A1C201F00BEA42C /* Info.plist */,
			);
			name = "Supporting Files";
			sourceTree = "<group>";
		};
/* End PBXGroup section */

/* Begin PBXNativeTarget section */
		D9019DB11E5277DB00D9E197 /* TrolleyTrackerUITests */ = {
			isa = PBXNativeTarget;
			buildConfigurationList = D9019DB91E5277DB00D9E197 /* Build configuration list for PBXNativeTarget "TrolleyTrackerUITests" */;
			buildPhases = (
				D9019DAE1E5277DB00D9E197 /* Sources */,
				D9019DAF1E5277DB00D9E197 /* Frameworks */,
				D9019DB01E5277DB00D9E197 /* Resources */,
			);
			buildRules = (
			);
			dependencies = (
				D9019DB81E5277DB00D9E197 /* PBXTargetDependency */,
			);
			name = TrolleyTrackerUITests;
			productName = TrolleyTrackerUITests;
			productReference = D9019DB21E5277DB00D9E197 /* TrolleyTrackerUITests.xctest */;
			productType = "com.apple.product-type.bundle.ui-testing";
		};
		EFA4B1F51A1C201F00BEA42C /* TrolleyTracker */ = {
			isa = PBXNativeTarget;
			buildConfigurationList = EFA4B2151A1C201F00BEA42C /* Build configuration list for PBXNativeTarget "TrolleyTracker" */;
			buildPhases = (
				EFA4B1F21A1C201F00BEA42C /* Sources */,
				EFA4B1F31A1C201F00BEA42C /* Frameworks */,
				EFA4B1F41A1C201F00BEA42C /* Resources */,
				D95DAFDA1B7FF92B00BBC906 /* Embed Frameworks */,
				D93FD0B11C7934DF0089CDBE /* CopyFiles */,
				D95A658E1D6D04DF002CE650 /* Crashlytics */,
				D98CF65A1E827F69005048FF /* TODOs as Warnings */,
				D98CF65B1E827F79005048FF /* FIXMEs as Warnings */,
			);
			buildRules = (
			);
			dependencies = (
			);
			name = TrolleyTracker;
			productName = TrolleyTracker;
			productReference = EFA4B1F61A1C201F00BEA42C /* TrolleyTracker.app */;
			productType = "com.apple.product-type.application";
		};
		EFA4B20A1A1C201F00BEA42C /* TrolleyTrackerTests */ = {
			isa = PBXNativeTarget;
			buildConfigurationList = EFA4B2181A1C201F00BEA42C /* Build configuration list for PBXNativeTarget "TrolleyTrackerTests" */;
			buildPhases = (
				EFA4B2071A1C201F00BEA42C /* Sources */,
				EFA4B2081A1C201F00BEA42C /* Frameworks */,
				EFA4B2091A1C201F00BEA42C /* Resources */,
			);
			buildRules = (
			);
			dependencies = (
				EFA4B20D1A1C201F00BEA42C /* PBXTargetDependency */,
			);
			name = TrolleyTrackerTests;
			productName = TrolleyTrackerTests;
			productReference = EFA4B20B1A1C201F00BEA42C /* TrolleyTrackerTests.xctest */;
			productType = "com.apple.product-type.bundle.unit-test";
		};
/* End PBXNativeTarget section */

/* Begin PBXProject section */
		EFA4B1EE1A1C201F00BEA42C /* Project object */ = {
			isa = PBXProject;
			attributes = {
				LastSwiftMigration = 0700;
				LastSwiftUpdateCheck = 0830;
				LastUpgradeCheck = 0800;
				ORGANIZATIONNAME = "Code For Greenville";
				TargetAttributes = {
					D9019DB11E5277DB00D9E197 = {
						CreatedOnToolsVersion = 8.3;
						DevelopmentTeam = 5SN74W2EB7;
						ProvisioningStyle = Manual;
						TestTargetID = EFA4B1F51A1C201F00BEA42C;
					};
					EFA4B1F51A1C201F00BEA42C = {
						CreatedOnToolsVersion = 6.1;
						DevelopmentTeam = 5SN74W2EB7;
						LastSwiftMigration = 0800;
					};
					EFA4B20A1A1C201F00BEA42C = {
						CreatedOnToolsVersion = 6.1;
						LastSwiftMigration = 0800;
						ProvisioningStyle = Manual;
						TestTargetID = EFA4B1F51A1C201F00BEA42C;
					};
				};
			};
			buildConfigurationList = EFA4B1F11A1C201F00BEA42C /* Build configuration list for PBXProject "TrolleyTracker" */;
			compatibilityVersion = "Xcode 3.2";
			developmentRegion = English;
			hasScannedForEncodings = 0;
			knownRegions = (
				en,
				Base,
			);
			mainGroup = EFA4B1ED1A1C201F00BEA42C;
			productRefGroup = EFA4B1F71A1C201F00BEA42C /* Products */;
			projectDirPath = "";
			projectRoot = "";
			targets = (
				EFA4B1F51A1C201F00BEA42C /* TrolleyTracker */,
				EFA4B20A1A1C201F00BEA42C /* TrolleyTrackerTests */,
				D9019DB11E5277DB00D9E197 /* TrolleyTrackerUITests */,
			);
		};
/* End PBXProject section */

/* Begin PBXResourcesBuildPhase section */
		D9019DB01E5277DB00D9E197 /* Resources */ = {
			isa = PBXResourcesBuildPhase;
			buildActionMask = 2147483647;
			files = (
			);
			runOnlyForDeploymentPostprocessing = 0;
		};
		EFA4B1F41A1C201F00BEA42C /* Resources */ = {
			isa = PBXResourcesBuildPhase;
			buildActionMask = 2147483647;
			files = (
				EFA4B2061A1C201F00BEA42C /* LaunchScreen.xib in Resources */,
				D93FD0BB1C79D04D0089CDBE /* More.storyboard in Resources */,
				EFA4B2031A1C201F00BEA42C /* Images.xcassets in Resources */,
				D90866F41B91C79F002A6F87 /* Montserrat-Bold.ttf in Resources */,
				D92876CD1BCB21EE003333EA /* Main.storyboard in Resources */,
				D93FD09E1C78FDE20089CDBE /* Schedule.storyboard in Resources */,
			);
			runOnlyForDeploymentPostprocessing = 0;
		};
		EFA4B2091A1C201F00BEA42C /* Resources */ = {
			isa = PBXResourcesBuildPhase;
			buildActionMask = 2147483647;
			files = (
				D9019DAD1E526F0000D9E197 /* trolleyMock.json in Resources */,
			);
			runOnlyForDeploymentPostprocessing = 0;
		};
/* End PBXResourcesBuildPhase section */

/* Begin PBXShellScriptBuildPhase section */
		D95A658E1D6D04DF002CE650 /* Crashlytics */ = {
			isa = PBXShellScriptBuildPhase;
			buildActionMask = 2147483647;
			files = (
			);
			inputPaths = (
			);
			name = Crashlytics;
			outputPaths = (
			);
			runOnlyForDeploymentPostprocessing = 0;
			shellPath = /bin/sh;
			shellScript = "./Fabric.framework/run 7e95cfc2c150d467d62de03fe56de9198c84b959 bca43adb6ca11443f9e424c6091903e68665aadd03ecfeb9b98c20f6897ee054";
		};
		D98CF65A1E827F69005048FF /* TODOs as Warnings */ = {
			isa = PBXShellScriptBuildPhase;
			buildActionMask = 2147483647;
			files = (
			);
			inputPaths = (
			);
			name = "TODOs as Warnings";
			outputPaths = (
			);
			runOnlyForDeploymentPostprocessing = 0;
			shellPath = /bin/sh;
			shellScript = "TAGS=\"TODO:\"\nfind \"${SRCROOT}\" \\( -name \"*.h\" -or -name \"*.m\" -or -name \"*.swift\" \\) -print0 | xargs -0 egrep --with-filename --line-number --only-matching \"($TAGS).*\\$\" | perl -p -e \"s/($TAGS)/ warning: \\$1/\"";
		};
		D98CF65B1E827F79005048FF /* FIXMEs as Warnings */ = {
			isa = PBXShellScriptBuildPhase;
			buildActionMask = 2147483647;
			files = (
			);
			inputPaths = (
			);
			name = "FIXMEs as Warnings";
			outputPaths = (
			);
			runOnlyForDeploymentPostprocessing = 0;
			shellPath = /bin/sh;
			shellScript = "TAGS=\"FIXME:\"\nfind \"${SRCROOT}\" \\( -name \"*.h\" -or -name \"*.m\" -or -name \"*.swift\" \\) -print0 | xargs -0 egrep --with-filename --line-number --only-matching \"($TAGS).*\\$\" | perl -p -e \"s/($TAGS)/ warning: \\$1/\"";
		};
/* End PBXShellScriptBuildPhase section */

/* Begin PBXSourcesBuildPhase section */
		D9019DAE1E5277DB00D9E197 /* Sources */ = {
			isa = PBXSourcesBuildPhase;
			buildActionMask = 2147483647;
			files = (
				D9019DB51E5277DB00D9E197 /* TrolleyTrackerUITests.swift in Sources */,
				D9E83ACC1E52796400E9D799 /* SnapshotHelper.swift in Sources */,
			);
			runOnlyForDeploymentPostprocessing = 0;
		};
		EFA4B1F21A1C201F00BEA42C /* Sources */ = {
			isa = PBXSourcesBuildPhase;
			buildActionMask = 2147483647;
			files = (
				D95EF76C1B889B00009B5779 /* UIImage+TrolleyTracker.swift in Sources */,
				CA9CF51C1E8BBFD50045ED29 /* NSDictionary+Unbox.swift in Sources */,
				D95EF7671B87302F009B5779 /* TrolleyRouteOverlay.swift in Sources */,
				CA9CF50E1E8BBFD50045ED29 /* Array+Unbox.swift in Sources */,
				D9FA57111E8A6A3500178214 /* StoryboardHelpers.swift in Sources */,
				D9CFDB461E528A940056AB01 /* AFError.swift in Sources */,
				D9617EFF1BE0D61600FF86CD /* AboutViewController.swift in Sources */,
				D914FADE1B30DEF0002DACF8 /* UserLocationService.swift in Sources */,
				D98715491B8A7E0C00489594 /* GetETAOperation.swift in Sources */,
				D914FAFC1B30EA84002DACF8 /* ObserverSet.swift in Sources */,
				D914FAE21B30DF14002DACF8 /* TrolleyLocationService.swift in Sources */,
				D9CFDB4B1E528A940056AB01 /* Notifications.swift in Sources */,
				D98715411B8A7D8200489594 /* TimeAndDistanceService.swift in Sources */,
				CA9CF5171E8BBFD50045ED29 /* Int+Unbox.swift in Sources */,
				EFA4B1FC1A1C201F00BEA42C /* AppDelegate.swift in Sources */,
				D97A7F121BE197AD00B40766 /* TrolleyLocationServiceFake.swift in Sources */,
				D98CF6591E827E12005048FF /* ViewControllerInitialization.swift in Sources */,
				E71A678C1B30DCE60036FE10 /* DetailViewController.swift in Sources */,
				D9CFDB4E1E528A940056AB01 /* Response.swift in Sources */,
				CA9CF5291E8BBFD50045ED29 /* UnboxableEnum.swift in Sources */,
				CA9CF52D1E8BBFD50045ED29 /* UnboxArrayContainer.swift in Sources */,
				D9CFDB531E528A940056AB01 /* SessionManager.swift in Sources */,
				CA9CF50F1E8BBFD50045ED29 /* Bool+Unbox.swift in Sources */,
				CA9CF5191E8BBFD50045ED29 /* Int64+Unbox.swift in Sources */,
				CA9CF4061E8B153E0045ED29 /* MapLayerViewController.swift in Sources */,
				D92876CF1BCB3737003333EA /* MapViewDelegate.swift in Sources */,
				CA9CF5231E8BBFD50045ED29 /* UInt32+Unbox.swift in Sources */,
				E71A678E1B30DCEF0036FE10 /* SettingsViewController.swift in Sources */,
				D9617EF41BDF0A1600FF86CD /* UIViewController+Appearance.swift in Sources */,
				D90867031B91F4D9002A6F87 /* EnvironmentVariables.swift in Sources */,
				CA9CF51F1E8BBFD50045ED29 /* Set+Unbox.swift in Sources */,
				D914FAE61B30DFC0002DACF8 /* TrolleyStop.swift in Sources */,
				D97055BB1BD6FB25002B9A8B /* Box.swift in Sources */,
				D97A7F0E1BE194F200B40766 /* TrolleyRouteServiceFake.swift in Sources */,
				CA9CF4001E8B122D0045ED29 /* MapLayerCell.swift in Sources */,
				CA9CF51E1E8BBFD50045ED29 /* Sequence+Unbox.swift in Sources */,
				CA9CF5351E8BBFD50045ED29 /* UnboxPathError.swift in Sources */,
				CA9CF5201E8BBFD50045ED29 /* String+Unbox.swift in Sources */,
				D9650C9A1B8559EA0004A2AF /* TrolleyRoute.swift in Sources */,
				D90866F01B91292F002A6F87 /* TrolleyAnnotationView.swift in Sources */,
				CA9CF5111E8BBFD50045ED29 /* Data+Unbox.swift in Sources */,
				D9617EF21BDDC60700FF86CD /* AlertControllerColor.swift in Sources */,
				D9CFDB541E528A940056AB01 /* TaskDelegate.swift in Sources */,
				D90867111B921431002A6F87 /* UIView+TrolleyTracker.swift in Sources */,
				D92876CB1BCB0CE5003333EA /* SettingsDataSource.swift in Sources */,
				D95DAFC51B7F60EE00BBC906 /* TrolleyRequests.swift in Sources */,
				CA9CF5341E8BBFD50045ED29 /* UnboxPath.swift in Sources */,
				CA9CF5221E8BBFD50045ED29 /* UInt+Unbox.swift in Sources */,
				CA9CF5141E8BBFD50045ED29 /* Dictionary+Unbox.swift in Sources */,
				D97055BE1BD70753002B9A8B /* HeadingLabel.swift in Sources */,
				CA9CF5331E8BBFD50045ED29 /* UnboxFormatter.swift in Sources */,
				D9617EFB1BE0573100FF86CD /* ScheduleHeaderView.swift in Sources */,
				D92876D51BCC89BE003333EA /* Schedule.swift in Sources */,
				D90866FB1B91D519002A6F87 /* String+TrolleyTracker.swift in Sources */,
				D9617EEE1BDDA37A00FF86CD /* ScheduleViewController+SortByRoute.swift in Sources */,
				CA9CF5261E8BBFD50045ED29 /* Unboxable.swift in Sources */,
				D98CF6521E827982005048FF /* MapViewHelpers.swift in Sources */,
				D9617EF71BDF84F400FF86CD /* ScheduleViewCell.swift in Sources */,
				CA9CF5241E8BBFD50045ED29 /* UInt64+Unbox.swift in Sources */,
				CA9CF5301E8BBFD50045ED29 /* UnboxContainer.swift in Sources */,
				D9CFDB4C1E528A940056AB01 /* ParameterEncoding.swift in Sources */,
				D9617EEA1BDDA1C800FF86CD /* ScheduleViewController+SortByDay.swift in Sources */,
				D9CFDB501E528A940056AB01 /* Result.swift in Sources */,
				D9CFDB4D1E528A940056AB01 /* Request.swift in Sources */,
				D92876D71BCD05A1003333EA /* ScheduleOperations.swift in Sources */,
				CA9CF5161E8BBFD50045ED29 /* Float+Unbox.swift in Sources */,
				D92876D11BCB3A53003333EA /* ScheduleViewController.swift in Sources */,
				CA9CF51B1E8BBFD50045ED29 /* NSArray+Unbox.swift in Sources */,
				D97055C01BD7077B002B9A8B /* BodyLabel.swift in Sources */,
				D914FAE41B30DFA8002DACF8 /* Trolley.swift in Sources */,
				D908670F1B921229002A6F87 /* TrolleyStopAnnotationView.swift in Sources */,
				CA9CF52A1E8BBFD50045ED29 /* UnboxableKey.swift in Sources */,
				CA9CF5371E8BBFD50045ED29 /* URL+Unbox.swift in Sources */,
				D97A7F101BE1960E00B40766 /* TrolleyServiceProtocols.swift in Sources */,
				D9CFDB4F1E528A940056AB01 /* ResponseSerialization.swift in Sources */,
				CA9CF5101E8BBFD50045ED29 /* CGFloat+Unbox.swift in Sources */,
				D98CF65D1E83C3AF005048FF /* Formatters.swift in Sources */,
				D98715471B8A7DDC00489594 /* ConcurrentOperation.swift in Sources */,
				D9CFDB4A1E528A940056AB01 /* NetworkReachabilityManager.swift in Sources */,
				D97055C21BD7078E002B9A8B /* SpacerView.swift in Sources */,
				CA9CF4041E8B13620045ED29 /* MapLayerDataSource.swift in Sources */,
				D98CF6561E827D61005048FF /* ApplicationController.swift in Sources */,
				CA9CF5121E8BBFD50045ED29 /* DateFormatter+Unbox.swift in Sources */,
				CA9CF5271E8BBFD50045ED29 /* UnboxableByTransform.swift in Sources */,
				D9CFDB521E528A940056AB01 /* SessionDelegate.swift in Sources */,
				CA9CF5321E8BBFD50045ED29 /* UnboxError.swift in Sources */,
				D92876D31BCB3A67003333EA /* TrolleyScheduleService.swift in Sources */,
				CA9CF5281E8BBFD50045ED29 /* UnboxableCollection.swift in Sources */,
				CA9CF5181E8BBFD50045ED29 /* Int32+Unbox.swift in Sources */,
				D9FA570F1E8A6A0100178214 /* MapLayersListViewController.swift in Sources */,
				D9CFDB491E528A940056AB01 /* MultipartFormData.swift in Sources */,
				D9CFDB471E528A940056AB01 /* Alamofire.swift in Sources */,
				D9CFDB551E528A940056AB01 /* Timeline.swift in Sources */,
				CA9CF52E1E8BBFD50045ED29 /* UnboxCollectionElementTransformer.swift in Sources */,
				D99B71561E87D6D800F36E55 /* RouteFetchOperations.swift in Sources */,
				CA9CF5311E8BBFD50045ED29 /* Unboxer.swift in Sources */,
				D9E240491BDBCACB00F16CF8 /* SubHeadingLabel.swift in Sources */,
				CA9CF51D1E8BBFD50045ED29 /* Optional+Unbox.swift in Sources */,
				CA9CF52B1E8BBFD50045ED29 /* UnboxableRawType.swift in Sources */,
				CA9CF52C1E8BBFD50045ED29 /* UnboxableWithContext.swift in Sources */,
				CA9CF5251E8BBFD50045ED29 /* Unbox.swift in Sources */,
				D9650CA41B86A9F10004A2AF /* UIColor+TrolleyTracker.swift in Sources */,
				D9CFDB341E528A8A0056AB01 /* SwiftyJSON.swift in Sources */,
				CA9CF4081E8BB8C90045ED29 /* MapLayersController.swift in Sources */,
				D90866F71B91C8B8002A6F87 /* UIFont+TrolleyTracker.swift in Sources */,
				D9CFDB511E528A940056AB01 /* ServerTrustPolicy.swift in Sources */,
				D93FD0A01C78FED60089CDBE /* RouteDetailViewController.swift in Sources */,
				D9617EFD1BE0634A00FF86CD /* AttributionViewController.swift in Sources */,
				CA9CF5151E8BBFD50045ED29 /* Double+Unbox.swift in Sources */,
				D9617EF91BE02B9200FF86CD /* ScheduleDisplayModels.swift in Sources */,
				CA9CF5361E8BBFD50045ED29 /* UnboxPathNode.swift in Sources */,
				CA9CF5131E8BBFD50045ED29 /* Decimal+Unbox.swift in Sources */,
				E71A678A1B30DCD30036FE10 /* MapViewController.swift in Sources */,
				D98CF65F1E83C4B2005048FF /* GeographyHelpers.swift in Sources */,
				D914FAE01B30DEFE002DACF8 /* TrolleyRouteService.swift in Sources */,
				D9CFDB481E528A940056AB01 /* DispatchQueue+Alamofire.swift in Sources */,
				CA9CF5211E8BBFD50045ED29 /* Typealiases.swift in Sources */,
				CA9CF4021E8B12E20045ED29 /* UIKitHelpers.swift in Sources */,
				CA9CF52F1E8BBFD50045ED29 /* UnboxCompatible.swift in Sources */,
				D9CFDB561E528A940056AB01 /* Validation.swift in Sources */,
				CA9CF51A1E8BBFD50045ED29 /* JSONSerialization+Unbox.swift in Sources */,
			);
			runOnlyForDeploymentPostprocessing = 0;
		};
		EFA4B2071A1C201F00BEA42C /* Sources */ = {
			isa = PBXSourcesBuildPhase;
			buildActionMask = 2147483647;
			files = (
				EFA4B2121A1C201F00BEA42C /* TrolleyTrackerTests.swift in Sources */,
			);
			runOnlyForDeploymentPostprocessing = 0;
		};
/* End PBXSourcesBuildPhase section */

/* Begin PBXTargetDependency section */
		D9019DB81E5277DB00D9E197 /* PBXTargetDependency */ = {
			isa = PBXTargetDependency;
			target = EFA4B1F51A1C201F00BEA42C /* TrolleyTracker */;
			targetProxy = D9019DB71E5277DB00D9E197 /* PBXContainerItemProxy */;
		};
		EFA4B20D1A1C201F00BEA42C /* PBXTargetDependency */ = {
			isa = PBXTargetDependency;
			target = EFA4B1F51A1C201F00BEA42C /* TrolleyTracker */;
			targetProxy = EFA4B20C1A1C201F00BEA42C /* PBXContainerItemProxy */;
		};
/* End PBXTargetDependency section */

/* Begin PBXVariantGroup section */
		EFA4B2041A1C201F00BEA42C /* LaunchScreen.xib */ = {
			isa = PBXVariantGroup;
			children = (
				EFA4B2051A1C201F00BEA42C /* Base */,
			);
			name = LaunchScreen.xib;
			sourceTree = "<group>";
		};
/* End PBXVariantGroup section */

/* Begin XCBuildConfiguration section */
		D9019DBA1E5277DB00D9E197 /* Debug */ = {
			isa = XCBuildConfiguration;
			buildSettings = {
				CLANG_ANALYZER_NONNULL = YES;
				CLANG_ANALYZER_NUMBER_OBJECT_CONVERSION = YES_AGGRESSIVE;
				CLANG_WARN_DOCUMENTATION_COMMENTS = YES;
				DEBUG_INFORMATION_FORMAT = dwarf;
				DEVELOPMENT_TEAM = 5SN74W2EB7;
				FRAMEWORK_SEARCH_PATHS = "$(PROJECT_DIR)";
				INFOPLIST_FILE = TrolleyTrackerUITests/Info.plist;
				IPHONEOS_DEPLOYMENT_TARGET = 9.0;
				LD_RUNPATH_SEARCH_PATHS = "$(inherited) @executable_path/Frameworks @loader_path/Frameworks";
				PRODUCT_BUNDLE_IDENTIFIER = ary.TrolleyTrackerUITests;
				PRODUCT_NAME = "$(TARGET_NAME)";
				PROVISIONING_PROFILE = "4a44af42-db60-4e94-bbe0-18df4cb3989f";
				PROVISIONING_PROFILE_SPECIFIER = "Wildcard Dev";
				SWIFT_ACTIVE_COMPILATION_CONDITIONS = DEBUG;
				SWIFT_VERSION = 3.0;
				TEST_TARGET_NAME = TrolleyTracker;
			};
			name = Debug;
		};
		D9019DBB1E5277DB00D9E197 /* Debug Test */ = {
			isa = XCBuildConfiguration;
			buildSettings = {
				CLANG_ANALYZER_NONNULL = YES;
				CLANG_ANALYZER_NUMBER_OBJECT_CONVERSION = YES_AGGRESSIVE;
				CLANG_WARN_DOCUMENTATION_COMMENTS = YES;
				DEBUG_INFORMATION_FORMAT = dwarf;
				DEVELOPMENT_TEAM = "";
				FRAMEWORK_SEARCH_PATHS = "$(PROJECT_DIR)";
				INFOPLIST_FILE = TrolleyTrackerUITests/Info.plist;
				IPHONEOS_DEPLOYMENT_TARGET = 9.0;
				LD_RUNPATH_SEARCH_PATHS = "$(inherited) @executable_path/Frameworks @loader_path/Frameworks";
				PRODUCT_BUNDLE_IDENTIFIER = ary.TrolleyTrackerUITests;
				PRODUCT_NAME = "$(TARGET_NAME)";
				PROVISIONING_PROFILE = "";
				PROVISIONING_PROFILE_SPECIFIER = "";
				SWIFT_ACTIVE_COMPILATION_CONDITIONS = DEBUG;
				SWIFT_VERSION = 3.0;
				TEST_TARGET_NAME = TrolleyTracker;
			};
			name = "Debug Test";
		};
		D9019DBC1E5277DB00D9E197 /* Release */ = {
			isa = XCBuildConfiguration;
			buildSettings = {
				CLANG_ANALYZER_NONNULL = YES;
				CLANG_ANALYZER_NUMBER_OBJECT_CONVERSION = YES_AGGRESSIVE;
				CLANG_WARN_DOCUMENTATION_COMMENTS = YES;
				COPY_PHASE_STRIP = NO;
				DEBUG_INFORMATION_FORMAT = "dwarf-with-dsym";
				DEVELOPMENT_TEAM = "";
				FRAMEWORK_SEARCH_PATHS = "$(PROJECT_DIR)";
				INFOPLIST_FILE = TrolleyTrackerUITests/Info.plist;
				IPHONEOS_DEPLOYMENT_TARGET = 9.0;
				LD_RUNPATH_SEARCH_PATHS = "$(inherited) @executable_path/Frameworks @loader_path/Frameworks";
				PRODUCT_BUNDLE_IDENTIFIER = ary.TrolleyTrackerUITests;
				PRODUCT_NAME = "$(TARGET_NAME)";
				PROVISIONING_PROFILE = "";
				PROVISIONING_PROFILE_SPECIFIER = "";
				SWIFT_VERSION = 3.0;
				TEST_TARGET_NAME = TrolleyTracker;
			};
			name = Release;
		};
		D9019DBD1E5277DB00D9E197 /* Release Test */ = {
			isa = XCBuildConfiguration;
			buildSettings = {
				CLANG_ANALYZER_NONNULL = YES;
				CLANG_ANALYZER_NUMBER_OBJECT_CONVERSION = YES_AGGRESSIVE;
				CLANG_WARN_DOCUMENTATION_COMMENTS = YES;
				COPY_PHASE_STRIP = NO;
				DEBUG_INFORMATION_FORMAT = "dwarf-with-dsym";
				DEVELOPMENT_TEAM = "";
				FRAMEWORK_SEARCH_PATHS = "$(PROJECT_DIR)";
				INFOPLIST_FILE = TrolleyTrackerUITests/Info.plist;
				IPHONEOS_DEPLOYMENT_TARGET = 9.0;
				LD_RUNPATH_SEARCH_PATHS = "$(inherited) @executable_path/Frameworks @loader_path/Frameworks";
				PRODUCT_BUNDLE_IDENTIFIER = ary.TrolleyTrackerUITests;
				PRODUCT_NAME = "$(TARGET_NAME)";
				PROVISIONING_PROFILE = "";
				PROVISIONING_PROFILE_SPECIFIER = "";
				SWIFT_VERSION = 3.0;
				TEST_TARGET_NAME = TrolleyTracker;
			};
			name = "Release Test";
		};
		D90866FC1B91E041002A6F87 /* Debug Test */ = {
			isa = XCBuildConfiguration;
			buildSettings = {
				ALWAYS_SEARCH_USER_PATHS = NO;
				BUNDLE_DISPLAY_NAME_SUFFIX = "-T";
				BUNDLE_ID_SUFFIX = .test;
				CLANG_CXX_LANGUAGE_STANDARD = "gnu++0x";
				CLANG_CXX_LIBRARY = "libc++";
				CLANG_ENABLE_MODULES = YES;
				CLANG_ENABLE_OBJC_ARC = YES;
				CLANG_WARN_BOOL_CONVERSION = YES;
				CLANG_WARN_CONSTANT_CONVERSION = YES;
				CLANG_WARN_DIRECT_OBJC_ISA_USAGE = YES_ERROR;
				CLANG_WARN_EMPTY_BODY = YES;
				CLANG_WARN_ENUM_CONVERSION = YES;
				CLANG_WARN_INFINITE_RECURSION = YES;
				CLANG_WARN_INT_CONVERSION = YES;
				CLANG_WARN_OBJC_ROOT_CLASS = YES_ERROR;
				CLANG_WARN_SUSPICIOUS_MOVE = YES;
				CLANG_WARN_UNREACHABLE_CODE = YES;
				CLANG_WARN__DUPLICATE_METHOD_MATCH = YES;
				"CODE_SIGN_IDENTITY[sdk=iphoneos*]" = "iPhone Developer";
				COPY_PHASE_STRIP = NO;
				ENABLE_STRICT_OBJC_MSGSEND = YES;
				ENABLE_TESTABILITY = YES;
				GCC_C_LANGUAGE_STANDARD = gnu99;
				GCC_DYNAMIC_NO_PIC = NO;
				GCC_NO_COMMON_BLOCKS = YES;
				GCC_OPTIMIZATION_LEVEL = 0;
				GCC_PREPROCESSOR_DEFINITIONS = (
					"DEBUG=1",
					"$(inherited)",
				);
				GCC_SYMBOLS_PRIVATE_EXTERN = NO;
				GCC_WARN_64_TO_32_BIT_CONVERSION = YES;
				GCC_WARN_ABOUT_RETURN_TYPE = YES_ERROR;
				GCC_WARN_UNDECLARED_SELECTOR = YES;
				GCC_WARN_UNINITIALIZED_AUTOS = YES_AGGRESSIVE;
				GCC_WARN_UNUSED_FUNCTION = YES;
				GCC_WARN_UNUSED_VARIABLE = YES;
				IPHONEOS_DEPLOYMENT_TARGET = 9.0;
				MTL_ENABLE_DEBUG_INFO = YES;
				ONLY_ACTIVE_ARCH = YES;
				OTHER_SWIFT_FLAGS = "-DDEBUGGING -DTEST";
				SDKROOT = iphoneos;
				SWIFT_OPTIMIZATION_LEVEL = "-Onone";
			};
			name = "Debug Test";
		};
		D90866FD1B91E041002A6F87 /* Debug Test */ = {
			isa = XCBuildConfiguration;
			buildSettings = {
				ALWAYS_EMBED_SWIFT_STANDARD_LIBRARIES = YES;
				ASSETCATALOG_COMPILER_APPICON_NAME = AppIcon;
				CODE_SIGN_IDENTITY = "iPhone Developer";
				ENABLE_BITCODE = YES;
				FRAMEWORK_SEARCH_PATHS = (
					"$(inherited)",
					"$(PROJECT_DIR)",
				);
				INFOPLIST_FILE = TrolleyTracker/Info.plist;
				IPHONEOS_DEPLOYMENT_TARGET = 9.0;
				LD_RUNPATH_SEARCH_PATHS = "$(inherited) @executable_path/Frameworks";
				PRODUCT_BUNDLE_IDENTIFIER = "com.codeforgreenville.trolleytracker$(BUNDLE_ID_SUFFIX)";
				PRODUCT_NAME = "$(TARGET_NAME)";
				PROVISIONING_PROFILE = "";
				SWIFT_VERSION = 3.0;
			};
			name = "Debug Test";
		};
		D90866FE1B91E041002A6F87 /* Debug Test */ = {
			isa = XCBuildConfiguration;
			buildSettings = {
				BUNDLE_LOADER = "$(TEST_HOST)";
				DEVELOPMENT_TEAM = "";
				FRAMEWORK_SEARCH_PATHS = "$(inherited)";
				GCC_PREPROCESSOR_DEFINITIONS = (
					"DEBUG=1",
					"$(inherited)",
				);
				INFOPLIST_FILE = TrolleyTrackerTests/Info.plist;
				LD_RUNPATH_SEARCH_PATHS = "$(inherited) @executable_path/Frameworks @loader_path/Frameworks";
				PRODUCT_BUNDLE_IDENTIFIER = "com.CodeForGreenville.$(PRODUCT_NAME:rfc1034identifier)";
				PRODUCT_NAME = "$(TARGET_NAME)";
				PROVISIONING_PROFILE_SPECIFIER = "";
				SWIFT_VERSION = 3.0;
				TEST_HOST = "$(BUILT_PRODUCTS_DIR)/TrolleyTracker.app/TrolleyTracker";
			};
			name = "Debug Test";
		};
		D90866FF1B91E04B002A6F87 /* Release Test */ = {
			isa = XCBuildConfiguration;
			buildSettings = {
				ALWAYS_SEARCH_USER_PATHS = NO;
				BUNDLE_DISPLAY_NAME_SUFFIX = "-T";
				BUNDLE_ID_SUFFIX = .test;
				CLANG_CXX_LANGUAGE_STANDARD = "gnu++0x";
				CLANG_CXX_LIBRARY = "libc++";
				CLANG_ENABLE_MODULES = YES;
				CLANG_ENABLE_OBJC_ARC = YES;
				CLANG_WARN_BOOL_CONVERSION = YES;
				CLANG_WARN_CONSTANT_CONVERSION = YES;
				CLANG_WARN_DIRECT_OBJC_ISA_USAGE = YES_ERROR;
				CLANG_WARN_EMPTY_BODY = YES;
				CLANG_WARN_ENUM_CONVERSION = YES;
				CLANG_WARN_INFINITE_RECURSION = YES;
				CLANG_WARN_INT_CONVERSION = YES;
				CLANG_WARN_OBJC_ROOT_CLASS = YES_ERROR;
				CLANG_WARN_SUSPICIOUS_MOVE = YES;
				CLANG_WARN_UNREACHABLE_CODE = YES;
				CLANG_WARN__DUPLICATE_METHOD_MATCH = YES;
				"CODE_SIGN_IDENTITY[sdk=iphoneos*]" = "iPhone Developer";
				COPY_PHASE_STRIP = YES;
				ENABLE_NS_ASSERTIONS = NO;
				ENABLE_STRICT_OBJC_MSGSEND = YES;
				GCC_C_LANGUAGE_STANDARD = gnu99;
				GCC_NO_COMMON_BLOCKS = YES;
				GCC_WARN_64_TO_32_BIT_CONVERSION = YES;
				GCC_WARN_ABOUT_RETURN_TYPE = YES_ERROR;
				GCC_WARN_UNDECLARED_SELECTOR = YES;
				GCC_WARN_UNINITIALIZED_AUTOS = YES_AGGRESSIVE;
				GCC_WARN_UNUSED_FUNCTION = YES;
				GCC_WARN_UNUSED_VARIABLE = YES;
				IPHONEOS_DEPLOYMENT_TARGET = 9.0;
				MTL_ENABLE_DEBUG_INFO = NO;
				OTHER_SWIFT_FLAGS = "-DTEST";
				SDKROOT = iphoneos;
				SWIFT_OPTIMIZATION_LEVEL = "-Owholemodule";
				VALIDATE_PRODUCT = YES;
			};
			name = "Release Test";
		};
		D90867001B91E04B002A6F87 /* Release Test */ = {
			isa = XCBuildConfiguration;
			buildSettings = {
				ALWAYS_EMBED_SWIFT_STANDARD_LIBRARIES = YES;
				ASSETCATALOG_COMPILER_APPICON_NAME = AppIcon;
				CODE_SIGN_IDENTITY = "iPhone Developer";
				ENABLE_BITCODE = YES;
				FRAMEWORK_SEARCH_PATHS = (
					"$(inherited)",
					"$(PROJECT_DIR)",
				);
				INFOPLIST_FILE = TrolleyTracker/Info.plist;
				IPHONEOS_DEPLOYMENT_TARGET = 9.0;
				LD_RUNPATH_SEARCH_PATHS = "$(inherited) @executable_path/Frameworks";
				PRODUCT_BUNDLE_IDENTIFIER = "com.codeforgreenville.trolleytracker$(BUNDLE_ID_SUFFIX)";
				PRODUCT_NAME = "$(TARGET_NAME)";
				PROVISIONING_PROFILE = "3069be3d-6966-4bc1-be6d-b8f3faae297e";
				SWIFT_VERSION = 3.0;
			};
			name = "Release Test";
		};
		D90867011B91E04B002A6F87 /* Release Test */ = {
			isa = XCBuildConfiguration;
			buildSettings = {
				BUNDLE_LOADER = "$(TEST_HOST)";
				DEVELOPMENT_TEAM = "";
				FRAMEWORK_SEARCH_PATHS = "$(inherited)";
				INFOPLIST_FILE = TrolleyTrackerTests/Info.plist;
				LD_RUNPATH_SEARCH_PATHS = "$(inherited) @executable_path/Frameworks @loader_path/Frameworks";
				PRODUCT_BUNDLE_IDENTIFIER = "com.CodeForGreenville.$(PRODUCT_NAME:rfc1034identifier)";
				PRODUCT_NAME = "$(TARGET_NAME)";
				PROVISIONING_PROFILE_SPECIFIER = "";
				SWIFT_VERSION = 3.0;
				TEST_HOST = "$(BUILT_PRODUCTS_DIR)/TrolleyTracker.app/TrolleyTracker";
			};
			name = "Release Test";
		};
		EFA4B2131A1C201F00BEA42C /* Debug */ = {
			isa = XCBuildConfiguration;
			buildSettings = {
				ALWAYS_SEARCH_USER_PATHS = NO;
				BUNDLE_DISPLAY_NAME_SUFFIX = "";
				BUNDLE_ID_SUFFIX = "";
				CLANG_CXX_LANGUAGE_STANDARD = "gnu++0x";
				CLANG_CXX_LIBRARY = "libc++";
				CLANG_ENABLE_MODULES = YES;
				CLANG_ENABLE_OBJC_ARC = YES;
				CLANG_WARN_BOOL_CONVERSION = YES;
				CLANG_WARN_CONSTANT_CONVERSION = YES;
				CLANG_WARN_DIRECT_OBJC_ISA_USAGE = YES_ERROR;
				CLANG_WARN_EMPTY_BODY = YES;
				CLANG_WARN_ENUM_CONVERSION = YES;
				CLANG_WARN_INFINITE_RECURSION = YES;
				CLANG_WARN_INT_CONVERSION = YES;
				CLANG_WARN_OBJC_ROOT_CLASS = YES_ERROR;
				CLANG_WARN_SUSPICIOUS_MOVE = YES;
				CLANG_WARN_UNREACHABLE_CODE = YES;
				CLANG_WARN__DUPLICATE_METHOD_MATCH = YES;
				"CODE_SIGN_IDENTITY[sdk=iphoneos*]" = "iPhone Developer";
				COPY_PHASE_STRIP = NO;
				ENABLE_STRICT_OBJC_MSGSEND = YES;
				ENABLE_TESTABILITY = YES;
				GCC_C_LANGUAGE_STANDARD = gnu99;
				GCC_DYNAMIC_NO_PIC = NO;
				GCC_NO_COMMON_BLOCKS = YES;
				GCC_OPTIMIZATION_LEVEL = 0;
				GCC_PREPROCESSOR_DEFINITIONS = (
					"DEBUG=1",
					"$(inherited)",
				);
				GCC_SYMBOLS_PRIVATE_EXTERN = NO;
				GCC_WARN_64_TO_32_BIT_CONVERSION = YES;
				GCC_WARN_ABOUT_RETURN_TYPE = YES_ERROR;
				GCC_WARN_UNDECLARED_SELECTOR = YES;
				GCC_WARN_UNINITIALIZED_AUTOS = YES_AGGRESSIVE;
				GCC_WARN_UNUSED_FUNCTION = YES;
				GCC_WARN_UNUSED_VARIABLE = YES;
				IPHONEOS_DEPLOYMENT_TARGET = 9.0;
				MTL_ENABLE_DEBUG_INFO = YES;
				ONLY_ACTIVE_ARCH = YES;
				OTHER_SWIFT_FLAGS = "-DDEBUGGING";
				SDKROOT = iphoneos;
				SWIFT_OPTIMIZATION_LEVEL = "-Onone";
			};
			name = Debug;
		};
		EFA4B2141A1C201F00BEA42C /* Release */ = {
			isa = XCBuildConfiguration;
			buildSettings = {
				ALWAYS_SEARCH_USER_PATHS = NO;
				BUNDLE_DISPLAY_NAME_SUFFIX = "";
				BUNDLE_ID_SUFFIX = "";
				CLANG_CXX_LANGUAGE_STANDARD = "gnu++0x";
				CLANG_CXX_LIBRARY = "libc++";
				CLANG_ENABLE_MODULES = YES;
				CLANG_ENABLE_OBJC_ARC = YES;
				CLANG_WARN_BOOL_CONVERSION = YES;
				CLANG_WARN_CONSTANT_CONVERSION = YES;
				CLANG_WARN_DIRECT_OBJC_ISA_USAGE = YES_ERROR;
				CLANG_WARN_EMPTY_BODY = YES;
				CLANG_WARN_ENUM_CONVERSION = YES;
				CLANG_WARN_INFINITE_RECURSION = YES;
				CLANG_WARN_INT_CONVERSION = YES;
				CLANG_WARN_OBJC_ROOT_CLASS = YES_ERROR;
				CLANG_WARN_SUSPICIOUS_MOVE = YES;
				CLANG_WARN_UNREACHABLE_CODE = YES;
				CLANG_WARN__DUPLICATE_METHOD_MATCH = YES;
				"CODE_SIGN_IDENTITY[sdk=iphoneos*]" = "iPhone Developer";
				COPY_PHASE_STRIP = YES;
				ENABLE_NS_ASSERTIONS = NO;
				ENABLE_STRICT_OBJC_MSGSEND = YES;
				GCC_C_LANGUAGE_STANDARD = gnu99;
				GCC_NO_COMMON_BLOCKS = YES;
				GCC_WARN_64_TO_32_BIT_CONVERSION = YES;
				GCC_WARN_ABOUT_RETURN_TYPE = YES_ERROR;
				GCC_WARN_UNDECLARED_SELECTOR = YES;
				GCC_WARN_UNINITIALIZED_AUTOS = YES_AGGRESSIVE;
				GCC_WARN_UNUSED_FUNCTION = YES;
				GCC_WARN_UNUSED_VARIABLE = YES;
				IPHONEOS_DEPLOYMENT_TARGET = 9.0;
				MTL_ENABLE_DEBUG_INFO = NO;
				SDKROOT = iphoneos;
				SWIFT_OPTIMIZATION_LEVEL = "-Owholemodule";
				VALIDATE_PRODUCT = YES;
			};
			name = Release;
		};
		EFA4B2161A1C201F00BEA42C /* Debug */ = {
			isa = XCBuildConfiguration;
			buildSettings = {
				ALWAYS_EMBED_SWIFT_STANDARD_LIBRARIES = YES;
				ASSETCATALOG_COMPILER_APPICON_NAME = AppIcon;
				CODE_SIGN_IDENTITY = "iPhone Developer";
				ENABLE_BITCODE = YES;
				FRAMEWORK_SEARCH_PATHS = (
					"$(inherited)",
					"$(PROJECT_DIR)",
				);
				INFOPLIST_FILE = TrolleyTracker/Info.plist;
				IPHONEOS_DEPLOYMENT_TARGET = 9.0;
				LD_RUNPATH_SEARCH_PATHS = "$(inherited) @executable_path/Frameworks";
				PRODUCT_BUNDLE_IDENTIFIER = "com.codeforgreenville.trolleytracker$(BUNDLE_ID_SUFFIX)";
				PRODUCT_NAME = "$(TARGET_NAME)";
				PROVISIONING_PROFILE = "";
				SWIFT_VERSION = 3.0;
			};
			name = Debug;
		};
		EFA4B2171A1C201F00BEA42C /* Release */ = {
			isa = XCBuildConfiguration;
			buildSettings = {
				ALWAYS_EMBED_SWIFT_STANDARD_LIBRARIES = YES;
				ASSETCATALOG_COMPILER_APPICON_NAME = AppIcon;
				CODE_SIGN_IDENTITY = "iPhone Developer";
				"CODE_SIGN_IDENTITY[sdk=iphoneos*]" = "iPhone Distribution";
				DEVELOPMENT_TEAM = 5SN74W2EB7;
				ENABLE_BITCODE = YES;
				FRAMEWORK_SEARCH_PATHS = (
					"$(inherited)",
					"$(PROJECT_DIR)",
				);
				INFOPLIST_FILE = TrolleyTracker/Info.plist;
				IPHONEOS_DEPLOYMENT_TARGET = 9.0;
				LD_RUNPATH_SEARCH_PATHS = "$(inherited) @executable_path/Frameworks";
				PRODUCT_BUNDLE_IDENTIFIER = "com.codeforgreenville.trolleytracker$(BUNDLE_ID_SUFFIX)";
				PRODUCT_NAME = "$(TARGET_NAME)";
				PROVISIONING_PROFILE = "8b67bf22-10d0-4b71-9d89-e1781b9d3312";
				PROVISIONING_PROFILE_SPECIFIER = "TrolleyTracker AppStore";
				SWIFT_VERSION = 3.0;
			};
			name = Release;
		};
		EFA4B2191A1C201F00BEA42C /* Debug */ = {
			isa = XCBuildConfiguration;
			buildSettings = {
				BUNDLE_LOADER = "$(TEST_HOST)";
				DEVELOPMENT_TEAM = "";
				FRAMEWORK_SEARCH_PATHS = "$(inherited)";
				GCC_PREPROCESSOR_DEFINITIONS = (
					"DEBUG=1",
					"$(inherited)",
				);
				INFOPLIST_FILE = TrolleyTrackerTests/Info.plist;
				LD_RUNPATH_SEARCH_PATHS = "$(inherited) @executable_path/Frameworks @loader_path/Frameworks";
				PRODUCT_BUNDLE_IDENTIFIER = "com.CodeForGreenville.$(PRODUCT_NAME:rfc1034identifier)";
				PRODUCT_NAME = "$(TARGET_NAME)";
				PROVISIONING_PROFILE_SPECIFIER = "";
				SWIFT_VERSION = 3.0;
				TEST_HOST = "$(BUILT_PRODUCTS_DIR)/TrolleyTracker.app/TrolleyTracker";
			};
			name = Debug;
		};
		EFA4B21A1A1C201F00BEA42C /* Release */ = {
			isa = XCBuildConfiguration;
			buildSettings = {
				BUNDLE_LOADER = "$(TEST_HOST)";
				DEVELOPMENT_TEAM = "";
				FRAMEWORK_SEARCH_PATHS = "$(inherited)";
				INFOPLIST_FILE = TrolleyTrackerTests/Info.plist;
				LD_RUNPATH_SEARCH_PATHS = "$(inherited) @executable_path/Frameworks @loader_path/Frameworks";
				PRODUCT_BUNDLE_IDENTIFIER = "com.CodeForGreenville.$(PRODUCT_NAME:rfc1034identifier)";
				PRODUCT_NAME = "$(TARGET_NAME)";
				PROVISIONING_PROFILE_SPECIFIER = "";
				SWIFT_VERSION = 3.0;
				TEST_HOST = "$(BUILT_PRODUCTS_DIR)/TrolleyTracker.app/TrolleyTracker";
			};
			name = Release;
		};
/* End XCBuildConfiguration section */

/* Begin XCConfigurationList section */
		D9019DB91E5277DB00D9E197 /* Build configuration list for PBXNativeTarget "TrolleyTrackerUITests" */ = {
			isa = XCConfigurationList;
			buildConfigurations = (
				D9019DBA1E5277DB00D9E197 /* Debug */,
				D9019DBB1E5277DB00D9E197 /* Debug Test */,
				D9019DBC1E5277DB00D9E197 /* Release */,
				D9019DBD1E5277DB00D9E197 /* Release Test */,
			);
			defaultConfigurationIsVisible = 0;
			defaultConfigurationName = Release;
		};
		EFA4B1F11A1C201F00BEA42C /* Build configuration list for PBXProject "TrolleyTracker" */ = {
			isa = XCConfigurationList;
			buildConfigurations = (
				EFA4B2131A1C201F00BEA42C /* Debug */,
				D90866FC1B91E041002A6F87 /* Debug Test */,
				EFA4B2141A1C201F00BEA42C /* Release */,
				D90866FF1B91E04B002A6F87 /* Release Test */,
			);
			defaultConfigurationIsVisible = 0;
			defaultConfigurationName = Release;
		};
		EFA4B2151A1C201F00BEA42C /* Build configuration list for PBXNativeTarget "TrolleyTracker" */ = {
			isa = XCConfigurationList;
			buildConfigurations = (
				EFA4B2161A1C201F00BEA42C /* Debug */,
				D90866FD1B91E041002A6F87 /* Debug Test */,
				EFA4B2171A1C201F00BEA42C /* Release */,
				D90867001B91E04B002A6F87 /* Release Test */,
			);
			defaultConfigurationIsVisible = 0;
			defaultConfigurationName = Release;
		};
		EFA4B2181A1C201F00BEA42C /* Build configuration list for PBXNativeTarget "TrolleyTrackerTests" */ = {
			isa = XCConfigurationList;
			buildConfigurations = (
				EFA4B2191A1C201F00BEA42C /* Debug */,
				D90866FE1B91E041002A6F87 /* Debug Test */,
				EFA4B21A1A1C201F00BEA42C /* Release */,
				D90867011B91E04B002A6F87 /* Release Test */,
			);
			defaultConfigurationIsVisible = 0;
			defaultConfigurationName = Release;
		};
/* End XCConfigurationList section */
	};
	rootObject = EFA4B1EE1A1C201F00BEA42C /* Project object */;
}
